{
  "version": 4,
  "terraform_version": "1.0.2",
  "serial": 321,
  "lineage": "df8ec8db-6358-e7c9-81f2-902d3cd694d6",
  "outputs": {
    "kubectl_config": {
      "value": "apiVersion: v1\npreferences: {}\nkind: Config\n\nclusters:\n- cluster:\n    server: https://A2E31338448A540FE4C0AAC3EF2CED9A.sk1.us-west-1.eks.amazonaws.com\n    certificate-authority-data: LS0tLS1CRUdJTiBDRVJUSUZJQ0FURS0tLS0tCk1JSUM1ekNDQWMrZ0F3SUJBZ0lCQURBTkJna3Foa2lHOXcwQkFRc0ZBREFWTVJNd0VRWURWUVFERXdwcmRXSmwKY201bGRHVnpNQjRYRFRJeE1EY3lNREU1TkRreU5sb1hEVE14TURjeE9ERTVORGt5Tmxvd0ZURVRNQkVHQTFVRQpBeE1LYTNWaVpYSnVaWFJsY3pDQ0FTSXdEUVlKS29aSWh2Y05BUUVCQlFBRGdnRVBBRENDQVFvQ2dnRUJBT2hICjQ0c1lnYm5ZZkpVTyt5K3pXTDdrWXg2K3F1R05CQUlTcGVNRzNWMXNIMldoMDZQNlpuZWZpeno0YmduQ01qaXUKYzN6eWR0VFlYT2dhbEs0T3FtdXRlTnV3VHZWREdLR3d2aUNOR1RYYWovN2l0UnNONVZRakVMenlVMTlKY1UweQpBb3ZPQzZqK2lVQTJKc3J0ZjV2SmhUMSs1aVJoQUgxU0Y5NVdOL3JmUUhqQUsxNlVXVDNhOElSMXFGc201S1lVCkVIK0hOaE1QdDFUWVFYM0JhL2grMjJramRTYm5nR1ZlWk9McjlUQThmQnFmWVdRRzJDb3NYdmREZFpzR2RINWEKZ2U2Ungybk1YNkFYYTZQN3F5Z3FCclk5UG5kSWRzYzFvT0JvWUtkc1dQTWFJR0RuVlJxUmxlSC9YMXg2TXgybApxZUg1NDM5VE5kNGhVb29qV3QwQ0F3RUFBYU5DTUVBd0RnWURWUjBQQVFIL0JBUURBZ0trTUE4R0ExVWRFd0VCCi93UUZNQU1CQWY4d0hRWURWUjBPQkJZRUZHZ0kzTktrS1NPVFBjK1FaVHNiMnJQUGFqc2JNQTBHQ1NxR1NJYjMKRFFFQkN3VUFBNElCQVFDWDllNG1NaElWSDd3SlhjcklocldkRzVlNG13UitOTkxwSUdQbjNrbzZQTjFzdW9NMQo2WHRMdUp1SU1lSStuS1FXdjRzM3NSeTc3OHlFM0N5OVBQSWxocHI2NGVWTDlPTmhTYXhQYTg3QjBDYkptR0NOCkJMVHViUU5HU0xiU21PbXNpRVB6alpzaTI2VTJUeVAvQURlSjNYUDVtUHl2S3hrZDgxZnB3b2REbXUwSVVSODMKZ3J0SmdYOEN5eVlLeUlNWklpNHl0VktvVXhVcFRGdHA5Z2tzU3JRRGxGMFU2aDZmcEh5MzRiTlZEVWQ5Q1JtZgorTTIxc1B2Nnpia01MNFhKQ0czMjh2dnJOSlpDT2d2WTEvYnk3blRpeE9iUWpBV1Y4NmtMUHpCY1FxV2FDRDJzCkhWWkJmUVB5Tkw3ejhqSkU2NEY3eDlnenpMVkM4Y0p2Q1ZpMgotLS0tLUVORCBDRVJUSUZJQ0FURS0tLS0tCg==\n  name: eks-dr\n\ncontexts:\n- context:\n    cluster: eks-dr\n    user: eks-dr\n  name: eks-dr\n\ncurrent-context: eks-dr\n\nusers:\n- name: eks-dr\n  user:\n    token: k8s-aws-v1.aHR0cHM6Ly9zdHMuYW1hem9uYXdzLmNvbS8_QWN0aW9uPUdldENhbGxlcklkZW50aXR5JlZlcnNpb249MjAxMS0wNi0xNSZYLUFtei1BbGdvcml0aG09QVdTNC1ITUFDLVNIQTI1NiZYLUFtei1DcmVkZW50aWFsPUFLSUFUSERZV1JMVjc0QldFWDY3JTJGMjAyMTA3MjAlMkZ1cy1lYXN0LTElMkZzdHMlMkZhd3M0X3JlcXVlc3QmWC1BbXotRGF0ZT0yMDIxMDcyMFQyMDI3NDBaJlgtQW16LUV4cGlyZXM9MCZYLUFtei1TaWduZWRIZWFkZXJzPWhvc3QlM0J4LWs4cy1hd3MtaWQmWC1BbXotU2lnbmF0dXJlPTcwODNkOGNlZDAxMWI5YzBjNzBhNjQ1ZDk4Y2U2MjcwZGJlYzNiZDQ2MDhhNDU2MzhkZWIyZjVmNTU5MzgwYTA",
      "type": "string"
    }
  },
  "resources": [
    {
      "mode": "data",
      "type": "aws_availability_zones",
      "name": "available",
      "provider": "provider[\"registry.terraform.io/hashicorp/aws\"]",
      "instances": [
        {
          "schema_version": 0,
          "attributes": {
            "all_availability_zones": null,
            "exclude_names": null,
            "exclude_zone_ids": null,
            "filter": null,
            "group_names": [
              "us-west-1"
            ],
            "id": "us-west-1",
            "names": [
              "us-west-1a",
              "us-west-1c"
            ],
            "state": "available",
            "zone_ids": [
              "usw1-az1",
              "usw1-az3"
            ]
          },
          "sensitive_attributes": []
        }
      ]
    },
    {
      "module": "module.eks",
      "mode": "data",
      "type": "aws_eks_cluster_auth",
      "name": "eks",
      "provider": "provider[\"registry.terraform.io/hashicorp/aws\"]",
      "instances": [
        {
          "schema_version": 0,
          "attributes": {
            "id": "eks-dr",
            "name": "eks-dr",
            "token": "k8s-aws-v1.aHR0cHM6Ly9zdHMuYW1hem9uYXdzLmNvbS8_QWN0aW9uPUdldENhbGxlcklkZW50aXR5JlZlcnNpb249MjAxMS0wNi0xNSZYLUFtei1BbGdvcml0aG09QVdTNC1ITUFDLVNIQTI1NiZYLUFtei1DcmVkZW50aWFsPUFLSUFUSERZV1JMVjc0QldFWDY3JTJGMjAyMTA3MjAlMkZ1cy1lYXN0LTElMkZzdHMlMkZhd3M0X3JlcXVlc3QmWC1BbXotRGF0ZT0yMDIxMDcyMFQyMDI3NDBaJlgtQW16LUV4cGlyZXM9MCZYLUFtei1TaWduZWRIZWFkZXJzPWhvc3QlM0J4LWs4cy1hd3MtaWQmWC1BbXotU2lnbmF0dXJlPTcwODNkOGNlZDAxMWI5YzBjNzBhNjQ1ZDk4Y2U2MjcwZGJlYzNiZDQ2MDhhNDU2MzhkZWIyZjVmNTU5MzgwYTA"
          },
          "sensitive_attributes": []
        }
      ]
    },
    {
      "module": "module.eks",
      "mode": "data",
      "type": "template_file",
      "name": "kubeconfig",
      "provider": "provider[\"registry.terraform.io/hashicorp/template\"]",
      "instances": [
        {
          "schema_version": 0,
          "attributes": {
            "filename": null,
            "id": "681b92671049df928e59dd7d35ee26811d95af971f103bbb7ba72c13ef455870",
            "rendered": "apiVersion: v1\npreferences: {}\nkind: Config\n\nclusters:\n- cluster:\n    server: https://A2E31338448A540FE4C0AAC3EF2CED9A.sk1.us-west-1.eks.amazonaws.com\n    certificate-authority-data: LS0tLS1CRUdJTiBDRVJUSUZJQ0FURS0tLS0tCk1JSUM1ekNDQWMrZ0F3SUJBZ0lCQURBTkJna3Foa2lHOXcwQkFRc0ZBREFWTVJNd0VRWURWUVFERXdwcmRXSmwKY201bGRHVnpNQjRYRFRJeE1EY3lNREU1TkRreU5sb1hEVE14TURjeE9ERTVORGt5Tmxvd0ZURVRNQkVHQTFVRQpBeE1LYTNWaVpYSnVaWFJsY3pDQ0FTSXdEUVlKS29aSWh2Y05BUUVCQlFBRGdnRVBBRENDQVFvQ2dnRUJBT2hICjQ0c1lnYm5ZZkpVTyt5K3pXTDdrWXg2K3F1R05CQUlTcGVNRzNWMXNIMldoMDZQNlpuZWZpeno0YmduQ01qaXUKYzN6eWR0VFlYT2dhbEs0T3FtdXRlTnV3VHZWREdLR3d2aUNOR1RYYWovN2l0UnNONVZRakVMenlVMTlKY1UweQpBb3ZPQzZqK2lVQTJKc3J0ZjV2SmhUMSs1aVJoQUgxU0Y5NVdOL3JmUUhqQUsxNlVXVDNhOElSMXFGc201S1lVCkVIK0hOaE1QdDFUWVFYM0JhL2grMjJramRTYm5nR1ZlWk9McjlUQThmQnFmWVdRRzJDb3NYdmREZFpzR2RINWEKZ2U2Ungybk1YNkFYYTZQN3F5Z3FCclk5UG5kSWRzYzFvT0JvWUtkc1dQTWFJR0RuVlJxUmxlSC9YMXg2TXgybApxZUg1NDM5VE5kNGhVb29qV3QwQ0F3RUFBYU5DTUVBd0RnWURWUjBQQVFIL0JBUURBZ0trTUE4R0ExVWRFd0VCCi93UUZNQU1CQWY4d0hRWURWUjBPQkJZRUZHZ0kzTktrS1NPVFBjK1FaVHNiMnJQUGFqc2JNQTBHQ1NxR1NJYjMKRFFFQkN3VUFBNElCQVFDWDllNG1NaElWSDd3SlhjcklocldkRzVlNG13UitOTkxwSUdQbjNrbzZQTjFzdW9NMQo2WHRMdUp1SU1lSStuS1FXdjRzM3NSeTc3OHlFM0N5OVBQSWxocHI2NGVWTDlPTmhTYXhQYTg3QjBDYkptR0NOCkJMVHViUU5HU0xiU21PbXNpRVB6alpzaTI2VTJUeVAvQURlSjNYUDVtUHl2S3hrZDgxZnB3b2REbXUwSVVSODMKZ3J0SmdYOEN5eVlLeUlNWklpNHl0VktvVXhVcFRGdHA5Z2tzU3JRRGxGMFU2aDZmcEh5MzRiTlZEVWQ5Q1JtZgorTTIxc1B2Nnpia01MNFhKQ0czMjh2dnJOSlpDT2d2WTEvYnk3blRpeE9iUWpBV1Y4NmtMUHpCY1FxV2FDRDJzCkhWWkJmUVB5Tkw3ejhqSkU2NEY3eDlnenpMVkM4Y0p2Q1ZpMgotLS0tLUVORCBDRVJUSUZJQ0FURS0tLS0tCg==\n  name: eks-dr\n\ncontexts:\n- context:\n    cluster: eks-dr\n    user: eks-dr\n  name: eks-dr\n\ncurrent-context: eks-dr\n\nusers:\n- name: eks-dr\n  user:\n    token: k8s-aws-v1.aHR0cHM6Ly9zdHMuYW1hem9uYXdzLmNvbS8_QWN0aW9uPUdldENhbGxlcklkZW50aXR5JlZlcnNpb249MjAxMS0wNi0xNSZYLUFtei1BbGdvcml0aG09QVdTNC1ITUFDLVNIQTI1NiZYLUFtei1DcmVkZW50aWFsPUFLSUFUSERZV1JMVjc0QldFWDY3JTJGMjAyMTA3MjAlMkZ1cy1lYXN0LTElMkZzdHMlMkZhd3M0X3JlcXVlc3QmWC1BbXotRGF0ZT0yMDIxMDcyMFQyMDI3NDBaJlgtQW16LUV4cGlyZXM9MCZYLUFtei1TaWduZWRIZWFkZXJzPWhvc3QlM0J4LWs4cy1hd3MtaWQmWC1BbXotU2lnbmF0dXJlPTcwODNkOGNlZDAxMWI5YzBjNzBhNjQ1ZDk4Y2U2MjcwZGJlYzNiZDQ2MDhhNDU2MzhkZWIyZjVmNTU5MzgwYTA",
            "template": "apiVersion: v1\npreferences: {}\nkind: Config\n\nclusters:\n- cluster:\n    server: ${endpoint}\n    certificate-authority-data: ${cluster_auth_base64}\n  name: ${kubeconfig_name}\n\ncontexts:\n- context:\n    cluster: ${kubeconfig_name}\n    user: ${kubeconfig_name}\n  name: ${kubeconfig_name}\n\ncurrent-context: ${kubeconfig_name}\n\nusers:\n- name: ${kubeconfig_name}\n  user:\n    token: ${token}",
            "vars": {
              "cluster_auth_base64": "LS0tLS1CRUdJTiBDRVJUSUZJQ0FURS0tLS0tCk1JSUM1ekNDQWMrZ0F3SUJBZ0lCQURBTkJna3Foa2lHOXcwQkFRc0ZBREFWTVJNd0VRWURWUVFERXdwcmRXSmwKY201bGRHVnpNQjRYRFRJeE1EY3lNREU1TkRreU5sb1hEVE14TURjeE9ERTVORGt5Tmxvd0ZURVRNQkVHQTFVRQpBeE1LYTNWaVpYSnVaWFJsY3pDQ0FTSXdEUVlKS29aSWh2Y05BUUVCQlFBRGdnRVBBRENDQVFvQ2dnRUJBT2hICjQ0c1lnYm5ZZkpVTyt5K3pXTDdrWXg2K3F1R05CQUlTcGVNRzNWMXNIMldoMDZQNlpuZWZpeno0YmduQ01qaXUKYzN6eWR0VFlYT2dhbEs0T3FtdXRlTnV3VHZWREdLR3d2aUNOR1RYYWovN2l0UnNONVZRakVMenlVMTlKY1UweQpBb3ZPQzZqK2lVQTJKc3J0ZjV2SmhUMSs1aVJoQUgxU0Y5NVdOL3JmUUhqQUsxNlVXVDNhOElSMXFGc201S1lVCkVIK0hOaE1QdDFUWVFYM0JhL2grMjJramRTYm5nR1ZlWk9McjlUQThmQnFmWVdRRzJDb3NYdmREZFpzR2RINWEKZ2U2Ungybk1YNkFYYTZQN3F5Z3FCclk5UG5kSWRzYzFvT0JvWUtkc1dQTWFJR0RuVlJxUmxlSC9YMXg2TXgybApxZUg1NDM5VE5kNGhVb29qV3QwQ0F3RUFBYU5DTUVBd0RnWURWUjBQQVFIL0JBUURBZ0trTUE4R0ExVWRFd0VCCi93UUZNQU1CQWY4d0hRWURWUjBPQkJZRUZHZ0kzTktrS1NPVFBjK1FaVHNiMnJQUGFqc2JNQTBHQ1NxR1NJYjMKRFFFQkN3VUFBNElCQVFDWDllNG1NaElWSDd3SlhjcklocldkRzVlNG13UitOTkxwSUdQbjNrbzZQTjFzdW9NMQo2WHRMdUp1SU1lSStuS1FXdjRzM3NSeTc3OHlFM0N5OVBQSWxocHI2NGVWTDlPTmhTYXhQYTg3QjBDYkptR0NOCkJMVHViUU5HU0xiU21PbXNpRVB6alpzaTI2VTJUeVAvQURlSjNYUDVtUHl2S3hrZDgxZnB3b2REbXUwSVVSODMKZ3J0SmdYOEN5eVlLeUlNWklpNHl0VktvVXhVcFRGdHA5Z2tzU3JRRGxGMFU2aDZmcEh5MzRiTlZEVWQ5Q1JtZgorTTIxc1B2Nnpia01MNFhKQ0czMjh2dnJOSlpDT2d2WTEvYnk3blRpeE9iUWpBV1Y4NmtMUHpCY1FxV2FDRDJzCkhWWkJmUVB5Tkw3ejhqSkU2NEY3eDlnenpMVkM4Y0p2Q1ZpMgotLS0tLUVORCBDRVJUSUZJQ0FURS0tLS0tCg==",
              "endpoint": "https://A2E31338448A540FE4C0AAC3EF2CED9A.sk1.us-west-1.eks.amazonaws.com",
              "kubeconfig_name": "eks-dr",
              "token": "k8s-aws-v1.aHR0cHM6Ly9zdHMuYW1hem9uYXdzLmNvbS8_QWN0aW9uPUdldENhbGxlcklkZW50aXR5JlZlcnNpb249MjAxMS0wNi0xNSZYLUFtei1BbGdvcml0aG09QVdTNC1ITUFDLVNIQTI1NiZYLUFtei1DcmVkZW50aWFsPUFLSUFUSERZV1JMVjc0QldFWDY3JTJGMjAyMTA3MjAlMkZ1cy1lYXN0LTElMkZzdHMlMkZhd3M0X3JlcXVlc3QmWC1BbXotRGF0ZT0yMDIxMDcyMFQyMDI3NDBaJlgtQW16LUV4cGlyZXM9MCZYLUFtei1TaWduZWRIZWFkZXJzPWhvc3QlM0J4LWs4cy1hd3MtaWQmWC1BbXotU2lnbmF0dXJlPTcwODNkOGNlZDAxMWI5YzBjNzBhNjQ1ZDk4Y2U2MjcwZGJlYzNiZDQ2MDhhNDU2MzhkZWIyZjVmNTU5MzgwYTA"
            }
          },
          "sensitive_attributes": [
            [
              {
                "type": "get_attr",
                "value": "vars"
              },
              {
                "type": "index",
                "value": {
                  "value": "token",
                  "type": "string"
                }
              }
            ]
          ]
        }
      ]
    },
    {
      "module": "module.eks",
      "mode": "managed",
      "type": "aws_eks_cluster",
      "name": "eks",
      "provider": "provider[\"registry.terraform.io/hashicorp/aws\"]",
      "instances": [
        {
          "schema_version": 0,
          "attributes": {
            "arn": "arn:aws:eks:us-west-1:221443951339:cluster/eks-dr",
            "certificate_authority": [
              {
                "data": "LS0tLS1CRUdJTiBDRVJUSUZJQ0FURS0tLS0tCk1JSUM1ekNDQWMrZ0F3SUJBZ0lCQURBTkJna3Foa2lHOXcwQkFRc0ZBREFWTVJNd0VRWURWUVFERXdwcmRXSmwKY201bGRHVnpNQjRYRFRJeE1EY3lNREU1TkRreU5sb1hEVE14TURjeE9ERTVORGt5Tmxvd0ZURVRNQkVHQTFVRQpBeE1LYTNWaVpYSnVaWFJsY3pDQ0FTSXdEUVlKS29aSWh2Y05BUUVCQlFBRGdnRVBBRENDQVFvQ2dnRUJBT2hICjQ0c1lnYm5ZZkpVTyt5K3pXTDdrWXg2K3F1R05CQUlTcGVNRzNWMXNIMldoMDZQNlpuZWZpeno0YmduQ01qaXUKYzN6eWR0VFlYT2dhbEs0T3FtdXRlTnV3VHZWREdLR3d2aUNOR1RYYWovN2l0UnNONVZRakVMenlVMTlKY1UweQpBb3ZPQzZqK2lVQTJKc3J0ZjV2SmhUMSs1aVJoQUgxU0Y5NVdOL3JmUUhqQUsxNlVXVDNhOElSMXFGc201S1lVCkVIK0hOaE1QdDFUWVFYM0JhL2grMjJramRTYm5nR1ZlWk9McjlUQThmQnFmWVdRRzJDb3NYdmREZFpzR2RINWEKZ2U2Ungybk1YNkFYYTZQN3F5Z3FCclk5UG5kSWRzYzFvT0JvWUtkc1dQTWFJR0RuVlJxUmxlSC9YMXg2TXgybApxZUg1NDM5VE5kNGhVb29qV3QwQ0F3RUFBYU5DTUVBd0RnWURWUjBQQVFIL0JBUURBZ0trTUE4R0ExVWRFd0VCCi93UUZNQU1CQWY4d0hRWURWUjBPQkJZRUZHZ0kzTktrS1NPVFBjK1FaVHNiMnJQUGFqc2JNQTBHQ1NxR1NJYjMKRFFFQkN3VUFBNElCQVFDWDllNG1NaElWSDd3SlhjcklocldkRzVlNG13UitOTkxwSUdQbjNrbzZQTjFzdW9NMQo2WHRMdUp1SU1lSStuS1FXdjRzM3NSeTc3OHlFM0N5OVBQSWxocHI2NGVWTDlPTmhTYXhQYTg3QjBDYkptR0NOCkJMVHViUU5HU0xiU21PbXNpRVB6alpzaTI2VTJUeVAvQURlSjNYUDVtUHl2S3hrZDgxZnB3b2REbXUwSVVSODMKZ3J0SmdYOEN5eVlLeUlNWklpNHl0VktvVXhVcFRGdHA5Z2tzU3JRRGxGMFU2aDZmcEh5MzRiTlZEVWQ5Q1JtZgorTTIxc1B2Nnpia01MNFhKQ0czMjh2dnJOSlpDT2d2WTEvYnk3blRpeE9iUWpBV1Y4NmtMUHpCY1FxV2FDRDJzCkhWWkJmUVB5Tkw3ejhqSkU2NEY3eDlnenpMVkM4Y0p2Q1ZpMgotLS0tLUVORCBDRVJUSUZJQ0FURS0tLS0tCg=="
              }
            ],
            "created_at": "2021-07-20 19:44:00.782 +0000 UTC",
            "enabled_cluster_log_types": [],
            "encryption_config": [],
            "endpoint": "https://A2E31338448A540FE4C0AAC3EF2CED9A.sk1.us-west-1.eks.amazonaws.com",
            "id": "eks-dr",
            "identity": [
              {
                "oidc": [
                  {
                    "issuer": "https://oidc.eks.us-west-1.amazonaws.com/id/A2E31338448A540FE4C0AAC3EF2CED9A"
                  }
                ]
              }
            ],
            "kubernetes_network_config": [
              {
                "service_ipv4_cidr": "172.20.0.0/16"
              }
            ],
            "name": "eks-dr",
            "platform_version": "eks.2",
            "role_arn": "arn:aws:iam::221443951339:role/eks-dr-dr-eks-cluster-role",
            "status": "ACTIVE",
            "tags": {},
            "tags_all": {},
            "timeouts": null,
            "version": "1.20",
            "vpc_config": [
              {
                "cluster_security_group_id": "sg-0dbaa9790120ced00",
                "endpoint_private_access": false,
                "endpoint_public_access": true,
                "public_access_cidrs": [
                  "0.0.0.0/0"
                ],
                "security_group_ids": [
                  "sg-0039b62eea45b514e"
                ],
                "subnet_ids": [
                  "subnet-00ff3a631c2593152",
                  "subnet-052d827bc25cdffeb"
                ],
                "vpc_id": "vpc-0cb77d8497a055cf4"
              }
            ]
          },
          "sensitive_attributes": [],
          "private": "eyJlMmJmYjczMC1lY2FhLTExZTYtOGY4OC0zNDM2M2JjN2M0YzAiOnsiY3JlYXRlIjoxODAwMDAwMDAwMDAwLCJkZWxldGUiOjkwMDAwMDAwMDAwMCwidXBkYXRlIjozNjAwMDAwMDAwMDAwfX0=",
          "dependencies": [
            "module.eks.aws_iam_role.iam_eks",
            "module.networking.aws_route_table.private_route_table",
            "module.networking.aws_route_table_association.private_route_table_association",
            "module.eks.aws_iam_role_policy_attachment.cluster-AmazonEKSServicePolicy",
            "module.networking.aws_eip.public_eip",
            "module.networking.aws_route_table_association.public_route_table_association",
            "module.networking.aws_subnet.private_subnets",
            "module.eks.aws_iam_role_policy_attachment.cluster-AmazonEKSClusterPolicy",
            "module.networking.aws_internet_gateway.public_igw",
            "module.networking.aws_vpc.vpc",
            "data.aws_availability_zones.available",
            "module.eks.aws_security_group.cluster",
            "module.networking.aws_nat_gateway.public_nat_gw",
            "module.networking.aws_route_table.public_route_table",
            "module.networking.aws_subnet.public_subnets"
          ]
        }
      ]
    },
    {
      "module": "module.eks",
      "mode": "managed",
      "type": "aws_eks_node_group",
      "name": "eks-node-db",
      "provider": "provider[\"registry.terraform.io/hashicorp/aws\"]",
      "instances": [
        {
          "schema_version": 0,
          "attributes": {
            "ami_type": "AL2_x86_64",
            "arn": "arn:aws:eks:us-west-1:221443951339:nodegroup/eks-dr/eks-dr-dr/eabd62bd-772b-2a73-967d-c560652b52f0",
            "capacity_type": "ON_DEMAND",
            "cluster_name": "eks-dr",
            "disk_size": 10,
            "force_update_version": null,
            "id": "eks-dr:eks-dr-dr",
            "instance_types": [
              "t2.medium"
            ],
            "labels": {},
            "launch_template": [],
            "node_group_name": "eks-dr-dr",
            "node_group_name_prefix": "",
            "node_role_arn": "arn:aws:iam::221443951339:role/eks-dr-dr-eks-node-role",
            "release_version": "1.20.4-20210720",
            "remote_access": [],
            "resources": [
              {
                "autoscaling_groups": [
                  {
                    "name": "eks-eabd62bd-772b-2a73-967d-c560652b52f0"
                  }
                ],
                "remote_access_security_group_id": ""
              }
            ],
            "scaling_config": [
              {
                "desired_size": 1,
                "max_size": 1,
                "min_size": 1
              }
            ],
            "status": "ACTIVE",
            "subnet_ids": [
              "subnet-00ff3a631c2593152",
              "subnet-052d827bc25cdffeb"
            ],
            "tags": {
              "Environment": "dr",
              "Module": "EKS",
              "Name": "Talkdesk-dr-eks-sg",
              "Project": "Talkdesk on AWS"
            },
            "tags_all": {
              "Environment": "dr",
              "Module": "EKS",
              "Name": "Talkdesk-dr-eks-sg",
              "Project": "Talkdesk on AWS"
            },
            "taint": [],
            "timeouts": null,
            "version": "1.20"
          },
          "sensitive_attributes": [],
          "private": "eyJlMmJmYjczMC1lY2FhLTExZTYtOGY4OC0zNDM2M2JjN2M0YzAiOnsiY3JlYXRlIjozNjAwMDAwMDAwMDAwLCJkZWxldGUiOjM2MDAwMDAwMDAwMDAsInVwZGF0ZSI6MzYwMDAwMDAwMDAwMH19",
          "dependencies": [
            "data.aws_availability_zones.available",
            "module.eks.aws_iam_role_policy_attachment.node-AmazonEKSWorkerNodePolicy",
            "module.networking.aws_internet_gateway.public_igw",
            "module.networking.aws_route_table_association.private_route_table_association",
            "module.eks.aws_iam_role.node",
            "module.eks.aws_iam_role_policy_attachment.cluster-AmazonEKSServicePolicy",
            "module.networking.aws_route_table_association.public_route_table_association",
            "module.networking.aws_vpc.vpc",
            "module.eks.aws_eks_cluster.eks",
            "module.eks.aws_security_group.cluster",
            "module.networking.aws_nat_gateway.public_nat_gw",
            "module.networking.aws_subnet.private_subnets",
            "module.networking.aws_route_table.public_route_table",
            "module.networking.aws_subnet.public_subnets",
            "module.eks.aws_iam_role.iam_eks",
            "module.eks.aws_iam_role_policy_attachment.cluster-AmazonEKSClusterPolicy",
            "module.eks.aws_iam_role_policy_attachment.node-AmazonEKS_CNI_Policy",
            "module.networking.aws_eip.public_eip",
            "module.networking.aws_route_table.private_route_table"
          ]
        }
      ]
    },
    {
      "module": "module.eks",
      "mode": "managed",
      "type": "aws_iam_instance_profile",
      "name": "node",
      "provider": "provider[\"registry.terraform.io/hashicorp/aws\"]",
      "instances": [
        {
          "schema_version": 0,
          "attributes": {
            "arn": "arn:aws:iam::221443951339:instance-profile/eks-dr-eks-node-instance-profile",
            "create_date": "2021-07-20T19:43:54Z",
            "id": "eks-dr-eks-node-instance-profile",
            "name": "eks-dr-eks-node-instance-profile",
            "name_prefix": null,
            "path": "/",
            "role": "eks-dr-dr-eks-node-role",
            "tags": {},
            "tags_all": {},
            "unique_id": "AIPATHDYWRLVRAKD3R5HC"
          },
          "sensitive_attributes": [],
          "private": "bnVsbA==",
          "dependencies": [
            "module.networking.aws_route_table.private_route_table",
            "module.networking.aws_route_table_association.private_route_table_association",
            "module.networking.aws_subnet.public_subnets",
            "module.networking.aws_vpc.vpc",
            "data.aws_availability_zones.available",
            "module.eks.aws_iam_role.node",
            "module.networking.aws_eip.public_eip",
            "module.networking.aws_nat_gateway.public_nat_gw",
            "module.networking.aws_internet_gateway.public_igw",
            "module.networking.aws_route_table.public_route_table",
            "module.networking.aws_route_table_association.public_route_table_association",
            "module.networking.aws_subnet.private_subnets"
          ]
        }
      ]
    },
    {
      "module": "module.eks",
      "mode": "managed",
      "type": "aws_iam_role",
      "name": "iam_eks",
      "provider": "provider[\"registry.terraform.io/hashicorp/aws\"]",
      "instances": [
        {
          "schema_version": 0,
          "attributes": {
            "arn": "arn:aws:iam::221443951339:role/eks-dr-dr-eks-cluster-role",
            "assume_role_policy": "{\"Version\":\"2012-10-17\",\"Statement\":[{\"Effect\":\"Allow\",\"Principal\":{\"Service\":\"eks.amazonaws.com\"},\"Action\":\"sts:AssumeRole\"}]}",
            "create_date": "2021-07-20T19:43:52Z",
            "description": "",
            "force_detach_policies": false,
            "id": "eks-dr-dr-eks-cluster-role",
            "inline_policy": [
              {
                "name": "",
                "policy": ""
              }
            ],
            "managed_policy_arns": [
              "arn:aws:iam::aws:policy/AmazonEKSClusterPolicy",
              "arn:aws:iam::aws:policy/AmazonEKSServicePolicy"
            ],
            "max_session_duration": 3600,
            "name": "eks-dr-dr-eks-cluster-role",
            "name_prefix": null,
            "path": "/",
            "permissions_boundary": null,
            "tags": {
              "Environment": "dr",
              "Module": "EKS",
              "Name": "Talkdesk-dr-eks-iam-role",
              "Project": "Talkdesk on AWS"
            },
            "tags_all": {
              "Environment": "dr",
              "Module": "EKS",
              "Name": "Talkdesk-dr-eks-iam-role",
              "Project": "Talkdesk on AWS"
            },
            "unique_id": "AROATHDYWRLVV3I2OHKVX"
          },
          "sensitive_attributes": [],
          "private": "bnVsbA==",
          "dependencies": [
            "module.networking.aws_route_table.private_route_table",
            "module.networking.aws_route_table.public_route_table",
            "module.networking.aws_route_table_association.public_route_table_association",
            "module.networking.aws_subnet.private_subnets",
            "module.networking.aws_vpc.vpc",
            "data.aws_availability_zones.available",
            "module.networking.aws_eip.public_eip",
            "module.networking.aws_nat_gateway.public_nat_gw",
            "module.networking.aws_internet_gateway.public_igw",
            "module.networking.aws_route_table_association.private_route_table_association",
            "module.networking.aws_subnet.public_subnets"
          ]
        }
      ]
    },
    {
      "module": "module.eks",
      "mode": "managed",
      "type": "aws_iam_role",
      "name": "node",
      "provider": "provider[\"registry.terraform.io/hashicorp/aws\"]",
      "instances": [
        {
          "schema_version": 0,
          "attributes": {
            "arn": "arn:aws:iam::221443951339:role/eks-dr-dr-eks-node-role",
            "assume_role_policy": "{\"Version\":\"2012-10-17\",\"Statement\":[{\"Effect\":\"Allow\",\"Principal\":{\"Service\":\"ec2.amazonaws.com\"},\"Action\":\"sts:AssumeRole\"}]}",
            "create_date": "2021-07-20T19:43:52Z",
            "description": "",
            "force_detach_policies": false,
            "id": "eks-dr-dr-eks-node-role",
            "inline_policy": [
              {
                "name": "",
                "policy": ""
              }
            ],
            "managed_policy_arns": [
              "arn:aws:iam::aws:policy/AmazonEC2ContainerRegistryReadOnly",
              "arn:aws:iam::aws:policy/AmazonEKSWorkerNodePolicy",
              "arn:aws:iam::aws:policy/AmazonEKS_CNI_Policy"
            ],
            "max_session_duration": 3600,
            "name": "eks-dr-dr-eks-node-role",
            "name_prefix": null,
            "path": "/",
            "permissions_boundary": null,
            "tags": {},
            "tags_all": {},
            "unique_id": "AROATHDYWRLVZSQRF36TM"
          },
          "sensitive_attributes": [],
          "private": "bnVsbA==",
          "dependencies": [
            "module.networking.aws_route_table_association.private_route_table_association",
            "module.networking.aws_route_table_association.public_route_table_association",
            "module.networking.aws_vpc.vpc",
            "module.networking.aws_internet_gateway.public_igw",
            "module.networking.aws_route_table.private_route_table",
            "module.networking.aws_route_table.public_route_table",
            "module.networking.aws_subnet.private_subnets",
            "module.networking.aws_subnet.public_subnets",
            "data.aws_availability_zones.available",
            "module.networking.aws_eip.public_eip",
            "module.networking.aws_nat_gateway.public_nat_gw"
          ]
        }
      ]
    },
    {
      "module": "module.eks",
      "mode": "managed",
      "type": "aws_iam_role_policy_attachment",
      "name": "cluster-AmazonEKSClusterPolicy",
      "provider": "provider[\"registry.terraform.io/hashicorp/aws\"]",
      "instances": [
        {
          "schema_version": 0,
          "attributes": {
            "id": "eks-dr-dr-eks-cluster-role-20210720194354550300000005",
            "policy_arn": "arn:aws:iam::aws:policy/AmazonEKSClusterPolicy",
            "role": "eks-dr-dr-eks-cluster-role"
          },
          "sensitive_attributes": [],
          "private": "bnVsbA==",
          "dependencies": [
            "module.networking.aws_internet_gateway.public_igw",
            "module.networking.aws_route_table.private_route_table",
            "module.networking.aws_route_table.public_route_table",
            "module.networking.aws_route_table_association.private_route_table_association",
            "module.networking.aws_route_table_association.public_route_table_association",
            "module.networking.aws_vpc.vpc",
            "data.aws_availability_zones.available",
            "module.eks.aws_iam_role.iam_eks",
            "module.networking.aws_eip.public_eip",
            "module.networking.aws_nat_gateway.public_nat_gw",
            "module.networking.aws_subnet.private_subnets",
            "module.networking.aws_subnet.public_subnets"
          ]
        }
      ]
    },
    {
      "module": "module.eks",
      "mode": "managed",
      "type": "aws_iam_role_policy_attachment",
      "name": "cluster-AmazonEKSServicePolicy",
      "provider": "provider[\"registry.terraform.io/hashicorp/aws\"]",
      "instances": [
        {
          "schema_version": 0,
          "attributes": {
            "id": "eks-dr-dr-eks-cluster-role-20210720194354545800000004",
            "policy_arn": "arn:aws:iam::aws:policy/AmazonEKSServicePolicy",
            "role": "eks-dr-dr-eks-cluster-role"
          },
          "sensitive_attributes": [],
          "private": "bnVsbA==",
          "dependencies": [
            "data.aws_availability_zones.available",
            "module.eks.aws_iam_role.iam_eks",
            "module.networking.aws_eip.public_eip",
            "module.networking.aws_internet_gateway.public_igw",
            "module.networking.aws_nat_gateway.public_nat_gw",
            "module.networking.aws_route_table.public_route_table",
            "module.networking.aws_route_table.private_route_table",
            "module.networking.aws_route_table_association.private_route_table_association",
            "module.networking.aws_route_table_association.public_route_table_association",
            "module.networking.aws_subnet.private_subnets",
            "module.networking.aws_subnet.public_subnets",
            "module.networking.aws_vpc.vpc"
          ]
        }
      ]
    },
    {
      "module": "module.eks",
      "mode": "managed",
      "type": "aws_iam_role_policy_attachment",
      "name": "node-AmazonEC2ContainerRegistryReadOnly",
      "provider": "provider[\"registry.terraform.io/hashicorp/aws\"]",
      "instances": [
        {
          "schema_version": 0,
          "attributes": {
            "id": "eks-dr-dr-eks-node-role-20210720194354530900000002",
            "policy_arn": "arn:aws:iam::aws:policy/AmazonEC2ContainerRegistryReadOnly",
            "role": "eks-dr-dr-eks-node-role"
          },
          "sensitive_attributes": [],
          "private": "bnVsbA==",
          "dependencies": [
            "module.networking.aws_route_table.public_route_table",
            "module.networking.aws_route_table_association.private_route_table_association",
            "module.networking.aws_route_table_association.public_route_table_association",
            "module.networking.aws_subnet.private_subnets",
            "data.aws_availability_zones.available",
            "module.networking.aws_eip.public_eip",
            "module.networking.aws_nat_gateway.public_nat_gw",
            "module.networking.aws_route_table.private_route_table",
            "module.networking.aws_subnet.public_subnets",
            "module.eks.aws_iam_role.node",
            "module.networking.aws_internet_gateway.public_igw",
            "module.networking.aws_vpc.vpc"
          ]
        }
      ]
    },
    {
      "module": "module.eks",
      "mode": "managed",
      "type": "aws_iam_role_policy_attachment",
      "name": "node-AmazonEKSWorkerNodePolicy",
      "provider": "provider[\"registry.terraform.io/hashicorp/aws\"]",
      "instances": [
        {
          "schema_version": 0,
          "attributes": {
            "id": "eks-dr-dr-eks-node-role-20210720194354518500000001",
            "policy_arn": "arn:aws:iam::aws:policy/AmazonEKSWorkerNodePolicy",
            "role": "eks-dr-dr-eks-node-role"
          },
          "sensitive_attributes": [],
          "private": "bnVsbA==",
          "dependencies": [
            "module.networking.aws_route_table.public_route_table",
            "module.networking.aws_route_table_association.private_route_table_association",
            "module.networking.aws_subnet.private_subnets",
            "module.networking.aws_subnet.public_subnets",
            "module.networking.aws_eip.public_eip",
            "module.networking.aws_internet_gateway.public_igw",
            "module.networking.aws_nat_gateway.public_nat_gw",
            "module.networking.aws_route_table.private_route_table",
            "module.networking.aws_route_table_association.public_route_table_association",
            "module.networking.aws_vpc.vpc",
            "data.aws_availability_zones.available",
            "module.eks.aws_iam_role.node"
          ]
        }
      ]
    },
    {
      "module": "module.eks",
      "mode": "managed",
      "type": "aws_iam_role_policy_attachment",
      "name": "node-AmazonEKS_CNI_Policy",
      "provider": "provider[\"registry.terraform.io/hashicorp/aws\"]",
      "instances": [
        {
          "schema_version": 0,
          "attributes": {
            "id": "eks-dr-dr-eks-node-role-20210720194354543800000003",
            "policy_arn": "arn:aws:iam::aws:policy/AmazonEKS_CNI_Policy",
            "role": "eks-dr-dr-eks-node-role"
          },
          "sensitive_attributes": [],
          "private": "bnVsbA==",
          "dependencies": [
            "module.networking.aws_internet_gateway.public_igw",
            "module.networking.aws_route_table.public_route_table",
            "module.networking.aws_route_table_association.public_route_table_association",
            "data.aws_availability_zones.available",
            "module.eks.aws_iam_role.node",
            "module.networking.aws_eip.public_eip",
            "module.networking.aws_subnet.private_subnets",
            "module.networking.aws_subnet.public_subnets",
            "module.networking.aws_vpc.vpc",
            "module.networking.aws_nat_gateway.public_nat_gw",
            "module.networking.aws_route_table.private_route_table",
            "module.networking.aws_route_table_association.private_route_table_association"
          ]
        }
      ]
    },
    {
      "module": "module.eks",
      "mode": "managed",
      "type": "aws_security_group",
      "name": "cluster",
      "provider": "provider[\"registry.terraform.io/hashicorp/aws\"]",
      "instances": [
        {
          "schema_version": 1,
          "attributes": {
            "arn": "arn:aws:ec2:us-west-1:221443951339:security-group/sg-0039b62eea45b514e",
            "description": "Cluster communication with worker nodes",
            "egress": [
              {
                "cidr_blocks": [
                  "0.0.0.0/0"
                ],
                "description": "",
                "from_port": 0,
                "ipv6_cidr_blocks": [],
                "prefix_list_ids": [],
                "protocol": "-1",
                "security_groups": [],
                "self": false,
                "to_port": 0
              }
            ],
            "id": "sg-0039b62eea45b514e",
            "ingress": [],
            "name": "talkesk-terraform-dr-eks-sg",
            "name_prefix": "",
            "owner_id": "221443951339",
            "revoke_rules_on_delete": false,
            "tags": {
              "Environment": "dr",
              "Module": "EKS",
              "Name": "Talkdesk-dr-eks-sg",
              "Project": "Talkdesk on AWS"
            },
            "tags_all": {
              "Environment": "dr",
              "Module": "EKS",
              "Name": "Talkdesk-dr-eks-sg",
              "Project": "Talkdesk on AWS"
            },
            "timeouts": null,
            "vpc_id": "vpc-0cb77d8497a055cf4"
          },
          "sensitive_attributes": [],
          "private": "eyJlMmJmYjczMC1lY2FhLTExZTYtOGY4OC0zNDM2M2JjN2M0YzAiOnsiY3JlYXRlIjo2MDAwMDAwMDAwMDAsImRlbGV0ZSI6OTAwMDAwMDAwMDAwfSwic2NoZW1hX3ZlcnNpb24iOiIxIn0=",
          "dependencies": [
            "data.aws_availability_zones.available",
            "module.networking.aws_eip.public_eip",
            "module.networking.aws_internet_gateway.public_igw",
            "module.networking.aws_route_table.private_route_table",
            "module.networking.aws_route_table_association.public_route_table_association",
            "module.networking.aws_subnet.private_subnets",
            "module.networking.aws_subnet.public_subnets",
            "module.networking.aws_vpc.vpc",
            "module.networking.aws_nat_gateway.public_nat_gw",
            "module.networking.aws_route_table.public_route_table",
            "module.networking.aws_route_table_association.private_route_table_association"
          ]
        }
      ]
    },
    {
      "module": "module.networking",
      "mode": "managed",
      "type": "aws_eip",
      "name": "public_eip",
      "provider": "provider[\"registry.terraform.io/hashicorp/aws\"]",
      "instances": [
        {
          "index_key": 0,
          "schema_version": 0,
          "attributes": {
            "address": null,
            "allocation_id": null,
            "associate_with_private_ip": null,
            "association_id": "eipassoc-0ababee94959cac14",
            "carrier_ip": "",
            "customer_owned_ip": "",
            "customer_owned_ipv4_pool": "",
            "domain": "vpc",
            "id": "eipalloc-3df56231",
            "instance": "",
            "network_border_group": "us-west-1",
            "network_interface": "eni-0a4130769a59f8939",
            "private_dns": "ip-10-0-4-209.us-west-1.compute.internal",
            "private_ip": "10.0.4.209",
            "public_dns": "ec2-52-9-236-56.us-west-1.compute.amazonaws.com",
            "public_ip": "52.9.236.56",
            "public_ipv4_pool": "amazon",
            "tags": {
              "Environment": "dr",
              "Module": "VPC",
              "Name": "Talkdesk-dr-public-eip-gw",
              "Project": "Talkdesk on AWS",
              "kubernetes.io/cluster/eks-dr": "shared"
            },
            "tags_all": {
              "Environment": "dr",
              "Module": "VPC",
              "Name": "Talkdesk-dr-public-eip-gw",
              "Project": "Talkdesk on AWS",
              "kubernetes.io/cluster/eks-dr": "shared"
            },
            "timeouts": null,
            "vpc": true
          },
          "sensitive_attributes": [],
          "private": "eyJlMmJmYjczMC1lY2FhLTExZTYtOGY4OC0zNDM2M2JjN2M0YzAiOnsiZGVsZXRlIjoxODAwMDAwMDAwMDAsInJlYWQiOjkwMDAwMDAwMDAwMCwidXBkYXRlIjozMDAwMDAwMDAwMDB9fQ==",
          "dependencies": [
            "module.networking.aws_internet_gateway.public_igw",
            "module.networking.aws_vpc.vpc"
          ]
        },
        {
          "index_key": 1,
          "schema_version": 0,
          "attributes": {
            "address": null,
            "allocation_id": null,
            "associate_with_private_ip": null,
            "association_id": "eipassoc-013857f6fe5a12324",
            "carrier_ip": "",
            "customer_owned_ip": "",
            "customer_owned_ipv4_pool": "",
            "domain": "vpc",
            "id": "eipalloc-11fe691d",
            "instance": "",
            "network_border_group": "us-west-1",
            "network_interface": "eni-05bffc69f00d1cac0",
            "private_dns": "ip-10-0-5-233.us-west-1.compute.internal",
            "private_ip": "10.0.5.233",
            "public_dns": "ec2-13-56-190-191.us-west-1.compute.amazonaws.com",
            "public_ip": "13.56.190.191",
            "public_ipv4_pool": "amazon",
            "tags": {
              "Environment": "dr",
              "Module": "VPC",
              "Name": "Talkdesk-dr-public-eip-gw",
              "Project": "Talkdesk on AWS",
              "kubernetes.io/cluster/eks-dr": "shared"
            },
            "tags_all": {
              "Environment": "dr",
              "Module": "VPC",
              "Name": "Talkdesk-dr-public-eip-gw",
              "Project": "Talkdesk on AWS",
              "kubernetes.io/cluster/eks-dr": "shared"
            },
            "timeouts": null,
            "vpc": true
          },
          "sensitive_attributes": [],
          "private": "eyJlMmJmYjczMC1lY2FhLTExZTYtOGY4OC0zNDM2M2JjN2M0YzAiOnsiZGVsZXRlIjoxODAwMDAwMDAwMDAsInJlYWQiOjkwMDAwMDAwMDAwMCwidXBkYXRlIjozMDAwMDAwMDAwMDB9fQ==",
          "dependencies": [
            "module.networking.aws_internet_gateway.public_igw",
            "module.networking.aws_vpc.vpc"
          ]
        }
      ]
    },
    {
      "module": "module.networking",
      "mode": "managed",
      "type": "aws_internet_gateway",
      "name": "public_igw",
      "provider": "provider[\"registry.terraform.io/hashicorp/aws\"]",
      "instances": [
        {
          "schema_version": 0,
          "attributes": {
            "arn": "arn:aws:ec2:us-west-1:221443951339:internet-gateway/igw-07c5f50ce87710028",
            "id": "igw-07c5f50ce87710028",
            "owner_id": "221443951339",
            "tags": {
              "Environment": "dr",
              "Module": "VPC",
              "Name": "Talkdesk-dr-public-internet-gw",
              "Project": "Talkdesk on AWS",
              "kubernetes.io/cluster/eks-dr": "shared"
            },
            "tags_all": {
              "Environment": "dr",
              "Module": "VPC",
              "Name": "Talkdesk-dr-public-internet-gw",
              "Project": "Talkdesk on AWS",
              "kubernetes.io/cluster/eks-dr": "shared"
            },
            "vpc_id": "vpc-0cb77d8497a055cf4"
          },
          "sensitive_attributes": [],
          "private": "bnVsbA==",
          "dependencies": [
            "module.networking.aws_vpc.vpc"
          ]
        }
      ]
    },
    {
      "module": "module.networking",
      "mode": "managed",
      "type": "aws_nat_gateway",
      "name": "public_nat_gw",
      "provider": "provider[\"registry.terraform.io/hashicorp/aws\"]",
      "instances": [
        {
          "index_key": 0,
          "schema_version": 0,
          "attributes": {
            "allocation_id": "eipalloc-3df56231",
            "connectivity_type": "public",
            "id": "nat-0af694bb1f6c2e025",
            "network_interface_id": "eni-0a4130769a59f8939",
            "private_ip": "10.0.4.209",
            "public_ip": "52.9.236.56",
            "subnet_id": "subnet-0c429e6a1ae10ccdd",
            "tags": {
              "Environment": "dr",
              "Module": "VPC",
              "Name": "Talkdesk-dr-public-nat-gw",
              "Project": "Talkdesk on AWS",
              "kubernetes.io/cluster/eks-dr": "shared"
            },
            "tags_all": {
              "Environment": "dr",
              "Module": "VPC",
              "Name": "Talkdesk-dr-public-nat-gw",
              "Project": "Talkdesk on AWS",
              "kubernetes.io/cluster/eks-dr": "shared"
            }
          },
          "sensitive_attributes": [],
          "private": "bnVsbA==",
          "dependencies": [
            "module.networking.aws_internet_gateway.public_igw",
            "module.networking.aws_subnet.public_subnets",
            "module.networking.aws_vpc.vpc",
            "data.aws_availability_zones.available",
            "module.networking.aws_eip.public_eip"
          ]
        },
        {
          "index_key": 1,
          "schema_version": 0,
          "attributes": {
            "allocation_id": "eipalloc-11fe691d",
            "connectivity_type": "public",
            "id": "nat-08f660aa2f025795e",
            "network_interface_id": "eni-05bffc69f00d1cac0",
            "private_ip": "10.0.5.233",
            "public_ip": "13.56.190.191",
            "subnet_id": "subnet-037323dd457b53442",
            "tags": {
              "Environment": "dr",
              "Module": "VPC",
              "Name": "Talkdesk-dr-public-nat-gw",
              "Project": "Talkdesk on AWS",
              "kubernetes.io/cluster/eks-dr": "shared"
            },
            "tags_all": {
              "Environment": "dr",
              "Module": "VPC",
              "Name": "Talkdesk-dr-public-nat-gw",
              "Project": "Talkdesk on AWS",
              "kubernetes.io/cluster/eks-dr": "shared"
            }
          },
          "sensitive_attributes": [],
          "private": "bnVsbA==",
          "dependencies": [
            "module.networking.aws_vpc.vpc",
            "data.aws_availability_zones.available",
            "module.networking.aws_eip.public_eip",
            "module.networking.aws_internet_gateway.public_igw",
            "module.networking.aws_subnet.public_subnets"
          ]
        }
      ]
    },
    {
      "module": "module.networking",
      "mode": "managed",
      "type": "aws_route_table",
      "name": "private_route_table",
      "provider": "provider[\"registry.terraform.io/hashicorp/aws\"]",
      "instances": [
        {
          "index_key": 0,
          "schema_version": 0,
          "attributes": {
            "arn": "arn:aws:ec2:us-west-1:221443951339:route-table/rtb-082dc94245a6f4734",
            "id": "rtb-082dc94245a6f4734",
            "owner_id": "221443951339",
            "propagating_vgws": [],
            "route": [
              {
                "carrier_gateway_id": "",
                "cidr_block": "0.0.0.0/0",
                "destination_prefix_list_id": "",
                "egress_only_gateway_id": "",
                "gateway_id": "",
                "instance_id": "",
                "ipv6_cidr_block": "",
                "local_gateway_id": "",
                "nat_gateway_id": "nat-0af694bb1f6c2e025",
                "network_interface_id": "",
                "transit_gateway_id": "",
                "vpc_endpoint_id": "",
                "vpc_peering_connection_id": ""
              }
            ],
            "tags": {
              "Environment": "dr",
              "Module": "VPC",
              "Name": "Talkdesk-dr-private-route-table",
              "Project": "Talkdesk on AWS",
              "kubernetes.io/cluster/eks-dr": "shared"
            },
            "tags_all": {
              "Environment": "dr",
              "Module": "VPC",
              "Name": "Talkdesk-dr-private-route-table",
              "Project": "Talkdesk on AWS",
              "kubernetes.io/cluster/eks-dr": "shared"
            },
            "vpc_id": "vpc-0cb77d8497a055cf4"
          },
          "sensitive_attributes": [],
          "private": "bnVsbA==",
          "dependencies": [
            "data.aws_availability_zones.available",
            "module.networking.aws_eip.public_eip",
            "module.networking.aws_internet_gateway.public_igw",
            "module.networking.aws_nat_gateway.public_nat_gw",
            "module.networking.aws_subnet.public_subnets",
            "module.networking.aws_vpc.vpc"
          ]
        },
        {
          "index_key": 1,
          "schema_version": 0,
          "attributes": {
            "arn": "arn:aws:ec2:us-west-1:221443951339:route-table/rtb-0ddb4c8339fb94ac4",
            "id": "rtb-0ddb4c8339fb94ac4",
            "owner_id": "221443951339",
            "propagating_vgws": [],
            "route": [
              {
                "carrier_gateway_id": "",
                "cidr_block": "0.0.0.0/0",
                "destination_prefix_list_id": "",
                "egress_only_gateway_id": "",
                "gateway_id": "",
                "instance_id": "",
                "ipv6_cidr_block": "",
                "local_gateway_id": "",
                "nat_gateway_id": "nat-08f660aa2f025795e",
                "network_interface_id": "",
                "transit_gateway_id": "",
                "vpc_endpoint_id": "",
                "vpc_peering_connection_id": ""
              }
            ],
            "tags": {
              "Environment": "dr",
              "Module": "VPC",
              "Name": "Talkdesk-dr-private-route-table",
              "Project": "Talkdesk on AWS",
              "kubernetes.io/cluster/eks-dr": "shared"
            },
            "tags_all": {
              "Environment": "dr",
              "Module": "VPC",
              "Name": "Talkdesk-dr-private-route-table",
              "Project": "Talkdesk on AWS",
              "kubernetes.io/cluster/eks-dr": "shared"
            },
            "vpc_id": "vpc-0cb77d8497a055cf4"
          },
          "sensitive_attributes": [],
          "private": "bnVsbA==",
          "dependencies": [
            "module.networking.aws_internet_gateway.public_igw",
            "module.networking.aws_nat_gateway.public_nat_gw",
            "module.networking.aws_subnet.public_subnets",
            "module.networking.aws_vpc.vpc",
            "data.aws_availability_zones.available",
            "module.networking.aws_eip.public_eip"
          ]
        }
      ]
    },
    {
      "module": "module.networking",
      "mode": "managed",
      "type": "aws_route_table",
      "name": "public_route_table",
      "provider": "provider[\"registry.terraform.io/hashicorp/aws\"]",
      "instances": [
        {
          "schema_version": 0,
          "attributes": {
            "arn": "arn:aws:ec2:us-west-1:221443951339:route-table/rtb-063550197b896c852",
            "id": "rtb-063550197b896c852",
            "owner_id": "221443951339",
            "propagating_vgws": [],
            "route": [
              {
                "carrier_gateway_id": "",
                "cidr_block": "0.0.0.0/0",
                "destination_prefix_list_id": "",
                "egress_only_gateway_id": "",
                "gateway_id": "igw-07c5f50ce87710028",
                "instance_id": "",
                "ipv6_cidr_block": "",
                "local_gateway_id": "",
                "nat_gateway_id": "",
                "network_interface_id": "",
                "transit_gateway_id": "",
                "vpc_endpoint_id": "",
                "vpc_peering_connection_id": ""
              }
            ],
            "tags": {
              "Environment": "dr",
              "Module": "VPC",
              "Name": "Talkdesk-dr-public-route-table",
              "Project": "Talkdesk on AWS",
              "kubernetes.io/cluster/eks-dr": "shared"
            },
            "tags_all": {
              "Environment": "dr",
              "Module": "VPC",
              "Name": "Talkdesk-dr-public-route-table",
              "Project": "Talkdesk on AWS",
              "kubernetes.io/cluster/eks-dr": "shared"
            },
            "vpc_id": "vpc-0cb77d8497a055cf4"
          },
          "sensitive_attributes": [],
          "private": "bnVsbA==",
          "dependencies": [
            "module.networking.aws_internet_gateway.public_igw",
            "module.networking.aws_vpc.vpc"
          ]
        }
      ]
    },
    {
      "module": "module.networking",
      "mode": "managed",
      "type": "aws_route_table_association",
      "name": "private_route_table_association",
      "provider": "provider[\"registry.terraform.io/hashicorp/aws\"]",
      "instances": [
        {
          "index_key": 0,
          "schema_version": 0,
          "attributes": {
            "gateway_id": "",
            "id": "rtbassoc-006598ce34bbcc2b1",
            "route_table_id": "rtb-082dc94245a6f4734",
            "subnet_id": "subnet-052d827bc25cdffeb"
          },
          "sensitive_attributes": [],
          "private": "bnVsbA==",
          "dependencies": [
            "module.networking.aws_subnet.public_subnets",
            "module.networking.aws_vpc.vpc",
            "data.aws_availability_zones.available",
            "module.networking.aws_eip.public_eip",
            "module.networking.aws_internet_gateway.public_igw",
            "module.networking.aws_nat_gateway.public_nat_gw",
            "module.networking.aws_route_table.private_route_table",
            "module.networking.aws_subnet.private_subnets"
          ]
        },
        {
          "index_key": 1,
          "schema_version": 0,
          "attributes": {
            "gateway_id": "",
            "id": "rtbassoc-0f66032d7e0811a11",
            "route_table_id": "rtb-0ddb4c8339fb94ac4",
            "subnet_id": "subnet-00ff3a631c2593152"
          },
          "sensitive_attributes": [],
          "private": "bnVsbA==",
          "dependencies": [
            "module.networking.aws_internet_gateway.public_igw",
            "module.networking.aws_nat_gateway.public_nat_gw",
            "module.networking.aws_route_table.private_route_table",
            "module.networking.aws_subnet.private_subnets",
            "module.networking.aws_subnet.public_subnets",
            "module.networking.aws_vpc.vpc",
            "data.aws_availability_zones.available",
            "module.networking.aws_eip.public_eip"
          ]
        }
      ]
    },
    {
      "module": "module.networking",
      "mode": "managed",
      "type": "aws_route_table_association",
      "name": "public_route_table_association",
      "provider": "provider[\"registry.terraform.io/hashicorp/aws\"]",
      "instances": [
        {
          "index_key": 0,
          "schema_version": 0,
          "attributes": {
            "gateway_id": "",
            "id": "rtbassoc-0ceab90bdceaf608a",
            "route_table_id": "rtb-063550197b896c852",
            "subnet_id": "subnet-0c429e6a1ae10ccdd"
          },
          "sensitive_attributes": [],
          "private": "bnVsbA==",
          "dependencies": [
            "module.networking.aws_internet_gateway.public_igw",
            "module.networking.aws_route_table.public_route_table",
            "module.networking.aws_subnet.public_subnets",
            "module.networking.aws_vpc.vpc",
            "data.aws_availability_zones.available"
          ]
        },
        {
          "index_key": 1,
          "schema_version": 0,
          "attributes": {
            "gateway_id": "",
            "id": "rtbassoc-01ec8820ff0349393",
            "route_table_id": "rtb-063550197b896c852",
            "subnet_id": "subnet-037323dd457b53442"
          },
          "sensitive_attributes": [],
          "private": "bnVsbA==",
          "dependencies": [
            "module.networking.aws_vpc.vpc",
            "data.aws_availability_zones.available",
            "module.networking.aws_internet_gateway.public_igw",
            "module.networking.aws_route_table.public_route_table",
            "module.networking.aws_subnet.public_subnets"
          ]
        }
      ]
    },
    {
      "module": "module.networking",
      "mode": "managed",
      "type": "aws_subnet",
      "name": "private_subnets",
      "provider": "provider[\"registry.terraform.io/hashicorp/aws\"]",
      "instances": [
        {
          "index_key": 0,
          "schema_version": 1,
          "attributes": {
            "arn": "arn:aws:ec2:us-west-1:221443951339:subnet/subnet-052d827bc25cdffeb",
            "assign_ipv6_address_on_creation": false,
            "availability_zone": "us-west-1a",
            "availability_zone_id": "usw1-az1",
            "cidr_block": "10.0.128.0/19",
            "customer_owned_ipv4_pool": "",
            "id": "subnet-052d827bc25cdffeb",
            "ipv6_cidr_block": "",
            "ipv6_cidr_block_association_id": "",
            "map_customer_owned_ip_on_launch": false,
            "map_public_ip_on_launch": false,
            "outpost_arn": "",
            "owner_id": "221443951339",
            "tags": {
              "Environment": "dr",
              "Module": "VPC",
              "Name": "Talkdesk-dr-private-subnet",
              "Project": "Talkdesk on AWS",
              "kubernetes.io/cluster/eks-dr": "shared"
            },
            "tags_all": {
              "Environment": "dr",
              "Module": "VPC",
              "Name": "Talkdesk-dr-private-subnet",
              "Project": "Talkdesk on AWS",
              "kubernetes.io/cluster/eks-dr": "shared"
            },
            "timeouts": null,
            "vpc_id": "vpc-0cb77d8497a055cf4"
          },
          "sensitive_attributes": [],
          "private": "eyJlMmJmYjczMC1lY2FhLTExZTYtOGY4OC0zNDM2M2JjN2M0YzAiOnsiY3JlYXRlIjo2MDAwMDAwMDAwMDAsImRlbGV0ZSI6MTIwMDAwMDAwMDAwMH0sInNjaGVtYV92ZXJzaW9uIjoiMSJ9",
          "dependencies": [
            "data.aws_availability_zones.available",
            "module.networking.aws_vpc.vpc"
          ]
        },
        {
          "index_key": 1,
          "schema_version": 1,
          "attributes": {
            "arn": "arn:aws:ec2:us-west-1:221443951339:subnet/subnet-00ff3a631c2593152",
            "assign_ipv6_address_on_creation": false,
            "availability_zone": "us-west-1c",
            "availability_zone_id": "usw1-az3",
            "cidr_block": "10.0.160.0/19",
            "customer_owned_ipv4_pool": "",
            "id": "subnet-00ff3a631c2593152",
            "ipv6_cidr_block": "",
            "ipv6_cidr_block_association_id": "",
            "map_customer_owned_ip_on_launch": false,
            "map_public_ip_on_launch": false,
            "outpost_arn": "",
            "owner_id": "221443951339",
            "tags": {
              "Environment": "dr",
              "Module": "VPC",
              "Name": "Talkdesk-dr-private-subnet",
              "Project": "Talkdesk on AWS",
              "kubernetes.io/cluster/eks-dr": "shared"
            },
            "tags_all": {
              "Environment": "dr",
              "Module": "VPC",
              "Name": "Talkdesk-dr-private-subnet",
              "Project": "Talkdesk on AWS",
              "kubernetes.io/cluster/eks-dr": "shared"
            },
            "timeouts": null,
            "vpc_id": "vpc-0cb77d8497a055cf4"
          },
          "sensitive_attributes": [],
          "private": "eyJlMmJmYjczMC1lY2FhLTExZTYtOGY4OC0zNDM2M2JjN2M0YzAiOnsiY3JlYXRlIjo2MDAwMDAwMDAwMDAsImRlbGV0ZSI6MTIwMDAwMDAwMDAwMH0sInNjaGVtYV92ZXJzaW9uIjoiMSJ9",
          "dependencies": [
            "data.aws_availability_zones.available",
            "module.networking.aws_vpc.vpc"
          ]
        }
      ]
    },
    {
      "module": "module.networking",
      "mode": "managed",
      "type": "aws_subnet",
      "name": "public_subnets",
      "provider": "provider[\"registry.terraform.io/hashicorp/aws\"]",
      "instances": [
        {
          "index_key": 0,
          "schema_version": 1,
          "attributes": {
            "arn": "arn:aws:ec2:us-west-1:221443951339:subnet/subnet-0c429e6a1ae10ccdd",
            "assign_ipv6_address_on_creation": false,
            "availability_zone": "us-west-1a",
            "availability_zone_id": "usw1-az1",
            "cidr_block": "10.0.4.0/24",
            "customer_owned_ipv4_pool": "",
            "id": "subnet-0c429e6a1ae10ccdd",
            "ipv6_cidr_block": "",
            "ipv6_cidr_block_association_id": "",
            "map_customer_owned_ip_on_launch": false,
            "map_public_ip_on_launch": true,
            "outpost_arn": "",
            "owner_id": "221443951339",
            "tags": {
              "Environment": "dr",
              "Module": "VPC",
              "Name": "Talkdesk-dr-public-subnet",
              "Project": "Talkdesk on AWS",
              "kubernetes.io/cluster/eks-dr": "shared"
            },
            "tags_all": {
              "Environment": "dr",
              "Module": "VPC",
              "Name": "Talkdesk-dr-public-subnet",
              "Project": "Talkdesk on AWS",
              "kubernetes.io/cluster/eks-dr": "shared"
            },
            "timeouts": null,
            "vpc_id": "vpc-0cb77d8497a055cf4"
          },
          "sensitive_attributes": [],
          "private": "eyJlMmJmYjczMC1lY2FhLTExZTYtOGY4OC0zNDM2M2JjN2M0YzAiOnsiY3JlYXRlIjo2MDAwMDAwMDAwMDAsImRlbGV0ZSI6MTIwMDAwMDAwMDAwMH0sInNjaGVtYV92ZXJzaW9uIjoiMSJ9",
          "dependencies": [
            "data.aws_availability_zones.available",
            "module.networking.aws_vpc.vpc"
          ]
        },
        {
          "index_key": 1,
          "schema_version": 1,
          "attributes": {
            "arn": "arn:aws:ec2:us-west-1:221443951339:subnet/subnet-037323dd457b53442",
            "assign_ipv6_address_on_creation": false,
            "availability_zone": "us-west-1c",
            "availability_zone_id": "usw1-az3",
            "cidr_block": "10.0.5.0/24",
            "customer_owned_ipv4_pool": "",
            "id": "subnet-037323dd457b53442",
            "ipv6_cidr_block": "",
            "ipv6_cidr_block_association_id": "",
            "map_customer_owned_ip_on_launch": false,
            "map_public_ip_on_launch": true,
            "outpost_arn": "",
            "owner_id": "221443951339",
            "tags": {
              "Environment": "dr",
              "Module": "VPC",
              "Name": "Talkdesk-dr-public-subnet",
              "Project": "Talkdesk on AWS",
              "kubernetes.io/cluster/eks-dr": "shared"
            },
            "tags_all": {
              "Environment": "dr",
              "Module": "VPC",
              "Name": "Talkdesk-dr-public-subnet",
              "Project": "Talkdesk on AWS",
              "kubernetes.io/cluster/eks-dr": "shared"
            },
            "timeouts": null,
            "vpc_id": "vpc-0cb77d8497a055cf4"
          },
          "sensitive_attributes": [],
          "private": "eyJlMmJmYjczMC1lY2FhLTExZTYtOGY4OC0zNDM2M2JjN2M0YzAiOnsiY3JlYXRlIjo2MDAwMDAwMDAwMDAsImRlbGV0ZSI6MTIwMDAwMDAwMDAwMH0sInNjaGVtYV92ZXJzaW9uIjoiMSJ9",
          "dependencies": [
            "data.aws_availability_zones.available",
            "module.networking.aws_vpc.vpc"
          ]
        }
      ]
    },
    {
      "module": "module.networking",
      "mode": "managed",
      "type": "aws_vpc",
      "name": "vpc",
      "provider": "provider[\"registry.terraform.io/hashicorp/aws\"]",
      "instances": [
        {
          "schema_version": 1,
          "attributes": {
            "arn": "arn:aws:ec2:us-west-1:221443951339:vpc/vpc-0cb77d8497a055cf4",
            "assign_generated_ipv6_cidr_block": false,
            "cidr_block": "10.0.0.0/16",
            "default_network_acl_id": "acl-04bef43413bfa844a",
            "default_route_table_id": "rtb-0018dc008a1c39378",
            "default_security_group_id": "sg-0b4b3d2fdd3e2c2a4",
            "dhcp_options_id": "dopt-acd812ca",
            "enable_classiclink": false,
            "enable_classiclink_dns_support": false,
            "enable_dns_hostnames": true,
            "enable_dns_support": true,
            "id": "vpc-0cb77d8497a055cf4",
            "instance_tenancy": "default",
            "ipv6_association_id": "",
            "ipv6_cidr_block": "",
            "main_route_table_id": "rtb-0018dc008a1c39378",
            "owner_id": "221443951339",
            "tags": {
              "Environment": "dr",
              "Module": "VPC",
              "Name": "Talkdesk-dr-vpc",
              "Project": "Talkdesk on AWS",
              "kubernetes.io/cluster/eks-dr": "shared"
            },
            "tags_all": {
              "Environment": "dr",
              "Module": "VPC",
              "Name": "Talkdesk-dr-vpc",
              "Project": "Talkdesk on AWS",
              "kubernetes.io/cluster/eks-dr": "shared"
            }
          },
          "sensitive_attributes": [],
          "private": "eyJzY2hlbWFfdmVyc2lvbiI6IjEifQ=="
        }
      ]
    }
  ]
}
