{
  "version": 4,
  "terraform_version": "1.0.2",
  "serial": 94,
  "lineage": "df8ec8db-6358-e7c9-81f2-902d3cd694d6",
  "outputs": {
    "kubectl_config": {
      "value": "apiVersion: v1\npreferences: {}\nkind: Config\n\nclusters:\n- cluster:\n    server: https://B46254C5F856789DB401A71B5CD465C5.sk1.us-west-1.eks.amazonaws.com\n    certificate-authority-data: LS0tLS1CRUdJTiBDRVJUSUZJQ0FURS0tLS0tCk1JSUM1ekNDQWMrZ0F3SUJBZ0lCQURBTkJna3Foa2lHOXcwQkFRc0ZBREFWTVJNd0VRWURWUVFERXdwcmRXSmwKY201bGRHVnpNQjRYRFRJeE1EY3hPVEU1TkRjeE1Gb1hEVE14TURjeE56RTVORGN4TUZvd0ZURVRNQkVHQTFVRQpBeE1LYTNWaVpYSnVaWFJsY3pDQ0FTSXdEUVlKS29aSWh2Y05BUUVCQlFBRGdnRVBBRENDQVFvQ2dnRUJBTFFxCndwYmdWb1ZJVkFFcDVBeEJKcE5PTnVqN2FBVDhsU3VOci9tcHBZeTdKOTdnWlEzQytFbFpwSTRZNkkzcENxR2cKbkRoaTNyWGx5dXgvV04ycDU3NmdXbTg3U2tQOFMxYXcvc010WDMzVEQ4TG1kTEFEOEdacUtnaExSd3BsN2FOaApHREplNkZrTTZTSEtneWllZEF3Z04vL0ZUTVBXZVQ0MDAwTzljUTd6QUJTQThMYS9nOU1adm9Wb3FUejRCUkhTCnhWVm9LdFI2SysvWHlMRXVGelhPRTRJYlRVbHhhNU9vT1hHN2V1dDhOV0RxVWlwYUhKY1Uzay9ydlhtZEdVQlEKOThxTEMyRkRWNzg5ZUhIYWZhaGg1c1F6MkNIRkQvdFR6NUlnSTlvR0lFZnJpUGNRc0lBZ0NQMWdISXpDb3h5SwozcDZxT1lqRHRMYzNBSXBmTnZjQ0F3RUFBYU5DTUVBd0RnWURWUjBQQVFIL0JBUURBZ0trTUE4R0ExVWRFd0VCCi93UUZNQU1CQWY4d0hRWURWUjBPQkJZRUZFM1E4TGNEKzZUdWcxbEdpNS9JZXQ1UkpucGFNQTBHQ1NxR1NJYjMKRFFFQkN3VUFBNElCQVFBSmFVRXJtZjRwb1R6NkxiMHQybFFOdmN2UEoyTzN2dzdqUnV4bzNvMDZZek5UUkdVKwp6UURjU200b0JZYnJsV3FSc3NJeDNrSk1VbnZvUVFjRkRadTNieEV4cXJVTGlHTzFDdG5EekU2L0QxUWxFemJmClZ5b1E1bGFnQWVjenV5TFZERVk0RlluVEJLODhENkpFejl6NDNFV3Y3VlZKQjdkWDBkZnZmZERzSWM0SUg4Q0kKb1NDWW9oRXFmZXdpdlV5eGFEOEdlRURGMXFMRFYvSGdFQVlPK242QUlQZExHUm5kQlV5MTlORnU3S1RxeXNYQwpQdW5YVzBEL1NRUVB2NURPZXIzTlAva2wyL1hYQnBoLzZaRDRJbDlwVVZlK3Bqb2piMmc3cjlwc3JQdE00cEtiCi80anlpdjVPc2NOUlFyMXlTWjRSSTFrSE15V3ZTc1Bha2RRYgotLS0tLUVORCBDRVJUSUZJQ0FURS0tLS0tCg==\n  name: eks-dr\n\ncontexts:\n- context:\n    cluster: eks-dr\n    user: eks-dr\n  name: eks-dr\n\ncurrent-context: eks-dr\n\nusers:\n- name: eks-dr\n  user:\n    token: k8s-aws-v1.aHR0cHM6Ly9zdHMuYW1hem9uYXdzLmNvbS8_QWN0aW9uPUdldENhbGxlcklkZW50aXR5JlZlcnNpb249MjAxMS0wNi0xNSZYLUFtei1BbGdvcml0aG09QVdTNC1ITUFDLVNIQTI1NiZYLUFtei1DcmVkZW50aWFsPUFLSUFUSERZV1JMVllEWFZRSjdQJTJGMjAyMTA3MTklMkZ1cy1lYXN0LTElMkZzdHMlMkZhd3M0X3JlcXVlc3QmWC1BbXotRGF0ZT0yMDIxMDcxOVQxOTUwMzBaJlgtQW16LUV4cGlyZXM9MCZYLUFtei1TaWduZWRIZWFkZXJzPWhvc3QlM0J4LWs4cy1hd3MtaWQmWC1BbXotU2lnbmF0dXJlPWVhOWIzYmQ3NDRkYzA1ZTQzNTczNjZkMGQ4MjIxZmQ3Y2YxNzIwNTkxYjE5NjEzZWQ4ZTYxMmZlZGIyMjA2ZmQ",
      "type": "string"
    }
  },
  "resources": [
    {
      "mode": "data",
      "type": "aws_availability_zones",
      "name": "available",
      "provider": "provider[\"registry.terraform.io/hashicorp/aws\"]",
      "instances": [
        {
          "schema_version": 0,
          "attributes": {
            "all_availability_zones": null,
            "exclude_names": null,
            "exclude_zone_ids": null,
            "filter": null,
            "group_names": [
              "us-west-1"
            ],
            "id": "us-west-1",
            "names": [
              "us-west-1a",
              "us-west-1c"
            ],
            "state": "available",
            "zone_ids": [
              "usw1-az1",
              "usw1-az3"
            ]
          },
          "sensitive_attributes": []
        }
      ]
    },
    {
      "module": "module.eks",
      "mode": "data",
      "type": "aws_eks_cluster_auth",
      "name": "eks",
      "provider": "provider[\"registry.terraform.io/hashicorp/aws\"]",
      "instances": [
        {
          "schema_version": 0,
          "attributes": {
            "id": "eks-dr",
            "name": "eks-dr",
            "token": "k8s-aws-v1.aHR0cHM6Ly9zdHMuYW1hem9uYXdzLmNvbS8_QWN0aW9uPUdldENhbGxlcklkZW50aXR5JlZlcnNpb249MjAxMS0wNi0xNSZYLUFtei1BbGdvcml0aG09QVdTNC1ITUFDLVNIQTI1NiZYLUFtei1DcmVkZW50aWFsPUFLSUFUSERZV1JMVllEWFZRSjdQJTJGMjAyMTA3MTklMkZ1cy1lYXN0LTElMkZzdHMlMkZhd3M0X3JlcXVlc3QmWC1BbXotRGF0ZT0yMDIxMDcxOVQxOTUwMzBaJlgtQW16LUV4cGlyZXM9MCZYLUFtei1TaWduZWRIZWFkZXJzPWhvc3QlM0J4LWs4cy1hd3MtaWQmWC1BbXotU2lnbmF0dXJlPWVhOWIzYmQ3NDRkYzA1ZTQzNTczNjZkMGQ4MjIxZmQ3Y2YxNzIwNTkxYjE5NjEzZWQ4ZTYxMmZlZGIyMjA2ZmQ"
          },
          "sensitive_attributes": []
        }
      ]
    },
    {
      "module": "module.eks",
      "mode": "data",
      "type": "template_file",
      "name": "kubeconfig",
      "provider": "provider[\"registry.terraform.io/hashicorp/template\"]",
      "instances": [
        {
          "schema_version": 0,
          "attributes": {
            "filename": null,
            "id": "6dfb5a6db582c0130250ce1c63c77ca78663e41c7bd403c3d91f38ea5540b03b",
            "rendered": "apiVersion: v1\npreferences: {}\nkind: Config\n\nclusters:\n- cluster:\n    server: https://B46254C5F856789DB401A71B5CD465C5.sk1.us-west-1.eks.amazonaws.com\n    certificate-authority-data: LS0tLS1CRUdJTiBDRVJUSUZJQ0FURS0tLS0tCk1JSUM1ekNDQWMrZ0F3SUJBZ0lCQURBTkJna3Foa2lHOXcwQkFRc0ZBREFWTVJNd0VRWURWUVFERXdwcmRXSmwKY201bGRHVnpNQjRYRFRJeE1EY3hPVEU1TkRjeE1Gb1hEVE14TURjeE56RTVORGN4TUZvd0ZURVRNQkVHQTFVRQpBeE1LYTNWaVpYSnVaWFJsY3pDQ0FTSXdEUVlKS29aSWh2Y05BUUVCQlFBRGdnRVBBRENDQVFvQ2dnRUJBTFFxCndwYmdWb1ZJVkFFcDVBeEJKcE5PTnVqN2FBVDhsU3VOci9tcHBZeTdKOTdnWlEzQytFbFpwSTRZNkkzcENxR2cKbkRoaTNyWGx5dXgvV04ycDU3NmdXbTg3U2tQOFMxYXcvc010WDMzVEQ4TG1kTEFEOEdacUtnaExSd3BsN2FOaApHREplNkZrTTZTSEtneWllZEF3Z04vL0ZUTVBXZVQ0MDAwTzljUTd6QUJTQThMYS9nOU1adm9Wb3FUejRCUkhTCnhWVm9LdFI2SysvWHlMRXVGelhPRTRJYlRVbHhhNU9vT1hHN2V1dDhOV0RxVWlwYUhKY1Uzay9ydlhtZEdVQlEKOThxTEMyRkRWNzg5ZUhIYWZhaGg1c1F6MkNIRkQvdFR6NUlnSTlvR0lFZnJpUGNRc0lBZ0NQMWdISXpDb3h5SwozcDZxT1lqRHRMYzNBSXBmTnZjQ0F3RUFBYU5DTUVBd0RnWURWUjBQQVFIL0JBUURBZ0trTUE4R0ExVWRFd0VCCi93UUZNQU1CQWY4d0hRWURWUjBPQkJZRUZFM1E4TGNEKzZUdWcxbEdpNS9JZXQ1UkpucGFNQTBHQ1NxR1NJYjMKRFFFQkN3VUFBNElCQVFBSmFVRXJtZjRwb1R6NkxiMHQybFFOdmN2UEoyTzN2dzdqUnV4bzNvMDZZek5UUkdVKwp6UURjU200b0JZYnJsV3FSc3NJeDNrSk1VbnZvUVFjRkRadTNieEV4cXJVTGlHTzFDdG5EekU2L0QxUWxFemJmClZ5b1E1bGFnQWVjenV5TFZERVk0RlluVEJLODhENkpFejl6NDNFV3Y3VlZKQjdkWDBkZnZmZERzSWM0SUg4Q0kKb1NDWW9oRXFmZXdpdlV5eGFEOEdlRURGMXFMRFYvSGdFQVlPK242QUlQZExHUm5kQlV5MTlORnU3S1RxeXNYQwpQdW5YVzBEL1NRUVB2NURPZXIzTlAva2wyL1hYQnBoLzZaRDRJbDlwVVZlK3Bqb2piMmc3cjlwc3JQdE00cEtiCi80anlpdjVPc2NOUlFyMXlTWjRSSTFrSE15V3ZTc1Bha2RRYgotLS0tLUVORCBDRVJUSUZJQ0FURS0tLS0tCg==\n  name: eks-dr\n\ncontexts:\n- context:\n    cluster: eks-dr\n    user: eks-dr\n  name: eks-dr\n\ncurrent-context: eks-dr\n\nusers:\n- name: eks-dr\n  user:\n    token: k8s-aws-v1.aHR0cHM6Ly9zdHMuYW1hem9uYXdzLmNvbS8_QWN0aW9uPUdldENhbGxlcklkZW50aXR5JlZlcnNpb249MjAxMS0wNi0xNSZYLUFtei1BbGdvcml0aG09QVdTNC1ITUFDLVNIQTI1NiZYLUFtei1DcmVkZW50aWFsPUFLSUFUSERZV1JMVllEWFZRSjdQJTJGMjAyMTA3MTklMkZ1cy1lYXN0LTElMkZzdHMlMkZhd3M0X3JlcXVlc3QmWC1BbXotRGF0ZT0yMDIxMDcxOVQxOTUwMzBaJlgtQW16LUV4cGlyZXM9MCZYLUFtei1TaWduZWRIZWFkZXJzPWhvc3QlM0J4LWs4cy1hd3MtaWQmWC1BbXotU2lnbmF0dXJlPWVhOWIzYmQ3NDRkYzA1ZTQzNTczNjZkMGQ4MjIxZmQ3Y2YxNzIwNTkxYjE5NjEzZWQ4ZTYxMmZlZGIyMjA2ZmQ",
            "template": "apiVersion: v1\npreferences: {}\nkind: Config\n\nclusters:\n- cluster:\n    server: ${endpoint}\n    certificate-authority-data: ${cluster_auth_base64}\n  name: ${kubeconfig_name}\n\ncontexts:\n- context:\n    cluster: ${kubeconfig_name}\n    user: ${kubeconfig_name}\n  name: ${kubeconfig_name}\n\ncurrent-context: ${kubeconfig_name}\n\nusers:\n- name: ${kubeconfig_name}\n  user:\n    token: ${token}",
            "vars": {
              "cluster_auth_base64": "LS0tLS1CRUdJTiBDRVJUSUZJQ0FURS0tLS0tCk1JSUM1ekNDQWMrZ0F3SUJBZ0lCQURBTkJna3Foa2lHOXcwQkFRc0ZBREFWTVJNd0VRWURWUVFERXdwcmRXSmwKY201bGRHVnpNQjRYRFRJeE1EY3hPVEU1TkRjeE1Gb1hEVE14TURjeE56RTVORGN4TUZvd0ZURVRNQkVHQTFVRQpBeE1LYTNWaVpYSnVaWFJsY3pDQ0FTSXdEUVlKS29aSWh2Y05BUUVCQlFBRGdnRVBBRENDQVFvQ2dnRUJBTFFxCndwYmdWb1ZJVkFFcDVBeEJKcE5PTnVqN2FBVDhsU3VOci9tcHBZeTdKOTdnWlEzQytFbFpwSTRZNkkzcENxR2cKbkRoaTNyWGx5dXgvV04ycDU3NmdXbTg3U2tQOFMxYXcvc010WDMzVEQ4TG1kTEFEOEdacUtnaExSd3BsN2FOaApHREplNkZrTTZTSEtneWllZEF3Z04vL0ZUTVBXZVQ0MDAwTzljUTd6QUJTQThMYS9nOU1adm9Wb3FUejRCUkhTCnhWVm9LdFI2SysvWHlMRXVGelhPRTRJYlRVbHhhNU9vT1hHN2V1dDhOV0RxVWlwYUhKY1Uzay9ydlhtZEdVQlEKOThxTEMyRkRWNzg5ZUhIYWZhaGg1c1F6MkNIRkQvdFR6NUlnSTlvR0lFZnJpUGNRc0lBZ0NQMWdISXpDb3h5SwozcDZxT1lqRHRMYzNBSXBmTnZjQ0F3RUFBYU5DTUVBd0RnWURWUjBQQVFIL0JBUURBZ0trTUE4R0ExVWRFd0VCCi93UUZNQU1CQWY4d0hRWURWUjBPQkJZRUZFM1E4TGNEKzZUdWcxbEdpNS9JZXQ1UkpucGFNQTBHQ1NxR1NJYjMKRFFFQkN3VUFBNElCQVFBSmFVRXJtZjRwb1R6NkxiMHQybFFOdmN2UEoyTzN2dzdqUnV4bzNvMDZZek5UUkdVKwp6UURjU200b0JZYnJsV3FSc3NJeDNrSk1VbnZvUVFjRkRadTNieEV4cXJVTGlHTzFDdG5EekU2L0QxUWxFemJmClZ5b1E1bGFnQWVjenV5TFZERVk0RlluVEJLODhENkpFejl6NDNFV3Y3VlZKQjdkWDBkZnZmZERzSWM0SUg4Q0kKb1NDWW9oRXFmZXdpdlV5eGFEOEdlRURGMXFMRFYvSGdFQVlPK242QUlQZExHUm5kQlV5MTlORnU3S1RxeXNYQwpQdW5YVzBEL1NRUVB2NURPZXIzTlAva2wyL1hYQnBoLzZaRDRJbDlwVVZlK3Bqb2piMmc3cjlwc3JQdE00cEtiCi80anlpdjVPc2NOUlFyMXlTWjRSSTFrSE15V3ZTc1Bha2RRYgotLS0tLUVORCBDRVJUSUZJQ0FURS0tLS0tCg==",
              "endpoint": "https://B46254C5F856789DB401A71B5CD465C5.sk1.us-west-1.eks.amazonaws.com",
              "kubeconfig_name": "eks-dr",
              "token": "k8s-aws-v1.aHR0cHM6Ly9zdHMuYW1hem9uYXdzLmNvbS8_QWN0aW9uPUdldENhbGxlcklkZW50aXR5JlZlcnNpb249MjAxMS0wNi0xNSZYLUFtei1BbGdvcml0aG09QVdTNC1ITUFDLVNIQTI1NiZYLUFtei1DcmVkZW50aWFsPUFLSUFUSERZV1JMVllEWFZRSjdQJTJGMjAyMTA3MTklMkZ1cy1lYXN0LTElMkZzdHMlMkZhd3M0X3JlcXVlc3QmWC1BbXotRGF0ZT0yMDIxMDcxOVQxOTUwMzBaJlgtQW16LUV4cGlyZXM9MCZYLUFtei1TaWduZWRIZWFkZXJzPWhvc3QlM0J4LWs4cy1hd3MtaWQmWC1BbXotU2lnbmF0dXJlPWVhOWIzYmQ3NDRkYzA1ZTQzNTczNjZkMGQ4MjIxZmQ3Y2YxNzIwNTkxYjE5NjEzZWQ4ZTYxMmZlZGIyMjA2ZmQ"
            }
          },
          "sensitive_attributes": [
            [
              {
                "type": "get_attr",
                "value": "vars"
              },
              {
                "type": "index",
                "value": {
                  "value": "token",
                  "type": "string"
                }
              }
            ]
          ]
        }
      ]
    },
    {
      "module": "module.eks",
      "mode": "managed",
      "type": "aws_eks_cluster",
      "name": "eks",
      "provider": "provider[\"registry.terraform.io/hashicorp/aws\"]",
      "instances": [
        {
          "schema_version": 0,
          "attributes": {
            "arn": "arn:aws:eks:us-west-1:221443951339:cluster/eks-dr",
            "certificate_authority": [
              {
                "data": "LS0tLS1CRUdJTiBDRVJUSUZJQ0FURS0tLS0tCk1JSUM1ekNDQWMrZ0F3SUJBZ0lCQURBTkJna3Foa2lHOXcwQkFRc0ZBREFWTVJNd0VRWURWUVFERXdwcmRXSmwKY201bGRHVnpNQjRYRFRJeE1EY3hPVEU1TkRjeE1Gb1hEVE14TURjeE56RTVORGN4TUZvd0ZURVRNQkVHQTFVRQpBeE1LYTNWaVpYSnVaWFJsY3pDQ0FTSXdEUVlKS29aSWh2Y05BUUVCQlFBRGdnRVBBRENDQVFvQ2dnRUJBTFFxCndwYmdWb1ZJVkFFcDVBeEJKcE5PTnVqN2FBVDhsU3VOci9tcHBZeTdKOTdnWlEzQytFbFpwSTRZNkkzcENxR2cKbkRoaTNyWGx5dXgvV04ycDU3NmdXbTg3U2tQOFMxYXcvc010WDMzVEQ4TG1kTEFEOEdacUtnaExSd3BsN2FOaApHREplNkZrTTZTSEtneWllZEF3Z04vL0ZUTVBXZVQ0MDAwTzljUTd6QUJTQThMYS9nOU1adm9Wb3FUejRCUkhTCnhWVm9LdFI2SysvWHlMRXVGelhPRTRJYlRVbHhhNU9vT1hHN2V1dDhOV0RxVWlwYUhKY1Uzay9ydlhtZEdVQlEKOThxTEMyRkRWNzg5ZUhIYWZhaGg1c1F6MkNIRkQvdFR6NUlnSTlvR0lFZnJpUGNRc0lBZ0NQMWdISXpDb3h5SwozcDZxT1lqRHRMYzNBSXBmTnZjQ0F3RUFBYU5DTUVBd0RnWURWUjBQQVFIL0JBUURBZ0trTUE4R0ExVWRFd0VCCi93UUZNQU1CQWY4d0hRWURWUjBPQkJZRUZFM1E4TGNEKzZUdWcxbEdpNS9JZXQ1UkpucGFNQTBHQ1NxR1NJYjMKRFFFQkN3VUFBNElCQVFBSmFVRXJtZjRwb1R6NkxiMHQybFFOdmN2UEoyTzN2dzdqUnV4bzNvMDZZek5UUkdVKwp6UURjU200b0JZYnJsV3FSc3NJeDNrSk1VbnZvUVFjRkRadTNieEV4cXJVTGlHTzFDdG5EekU2L0QxUWxFemJmClZ5b1E1bGFnQWVjenV5TFZERVk0RlluVEJLODhENkpFejl6NDNFV3Y3VlZKQjdkWDBkZnZmZERzSWM0SUg4Q0kKb1NDWW9oRXFmZXdpdlV5eGFEOEdlRURGMXFMRFYvSGdFQVlPK242QUlQZExHUm5kQlV5MTlORnU3S1RxeXNYQwpQdW5YVzBEL1NRUVB2NURPZXIzTlAva2wyL1hYQnBoLzZaRDRJbDlwVVZlK3Bqb2piMmc3cjlwc3JQdE00cEtiCi80anlpdjVPc2NOUlFyMXlTWjRSSTFrSE15V3ZTc1Bha2RRYgotLS0tLUVORCBDRVJUSUZJQ0FURS0tLS0tCg=="
              }
            ],
            "created_at": "2021-07-19 19:41:09.753 +0000 UTC",
            "enabled_cluster_log_types": null,
            "encryption_config": [],
            "endpoint": "https://B46254C5F856789DB401A71B5CD465C5.sk1.us-west-1.eks.amazonaws.com",
            "id": "eks-dr",
            "identity": [
              {
                "oidc": [
                  {
                    "issuer": "https://oidc.eks.us-west-1.amazonaws.com/id/B46254C5F856789DB401A71B5CD465C5"
                  }
                ]
              }
            ],
            "kubernetes_network_config": [
              {
                "service_ipv4_cidr": "172.20.0.0/16"
              }
            ],
            "name": "eks-dr",
            "platform_version": "eks.2",
            "role_arn": "arn:aws:iam::221443951339:role/eks-dr-dr-eks-cluster-role",
            "status": "ACTIVE",
            "tags": null,
            "tags_all": {},
            "timeouts": null,
            "version": "1.20",
            "vpc_config": [
              {
                "cluster_security_group_id": "sg-0b675d992b2bb37a4",
                "endpoint_private_access": false,
                "endpoint_public_access": true,
                "public_access_cidrs": [
                  "0.0.0.0/0"
                ],
                "security_group_ids": [
                  "sg-0ae01ab23debfde3c"
                ],
                "subnet_ids": [
                  "subnet-03cf5c48fac4f5c06",
                  "subnet-0d177ab43709711ff"
                ],
                "vpc_id": "vpc-0dbc53438a5c00c9b"
              }
            ]
          },
          "sensitive_attributes": [],
          "private": "eyJlMmJmYjczMC1lY2FhLTExZTYtOGY4OC0zNDM2M2JjN2M0YzAiOnsiY3JlYXRlIjoxODAwMDAwMDAwMDAwLCJkZWxldGUiOjkwMDAwMDAwMDAwMCwidXBkYXRlIjozNjAwMDAwMDAwMDAwfX0=",
          "dependencies": [
            "data.aws_availability_zones.available",
            "module.eks.aws_iam_role.iam_eks",
            "module.eks.aws_iam_role_policy_attachment.cluster-AmazonEKSClusterPolicy",
            "module.eks.aws_iam_role_policy_attachment.cluster-AmazonEKSServicePolicy",
            "module.eks.aws_security_group.cluster",
            "module.networking.aws_eip.public_eip",
            "module.networking.aws_internet_gateway.public_igw",
            "module.networking.aws_nat_gateway.public_nat_gw",
            "module.networking.aws_route_table.private_route_table",
            "module.networking.aws_route_table.public_route_table",
            "module.networking.aws_route_table_association.private_route_table_association",
            "module.networking.aws_route_table_association.public_route_table_association",
            "module.networking.aws_subnet.private_subnets",
            "module.networking.aws_subnet.public_subnets",
            "module.networking.aws_vpc.vpc"
          ]
        }
      ]
    },
    {
      "module": "module.eks",
      "mode": "managed",
      "type": "aws_eks_node_group",
      "name": "eks-node-db",
      "provider": "provider[\"registry.terraform.io/hashicorp/aws\"]",
      "instances": [
        {
          "schema_version": 0,
          "attributes": {
            "ami_type": "AL2_x86_64",
            "arn": "arn:aws:eks:us-west-1:221443951339:nodegroup/eks-dr/eks-dr-drdb/06bd6028-f407-05d3-6025-688e160ce444",
            "capacity_type": "ON_DEMAND",
            "cluster_name": "eks-dr",
            "disk_size": 10,
            "force_update_version": null,
            "id": "eks-dr:eks-dr-drdb",
            "instance_types": [
              "t2.micro"
            ],
            "labels": null,
            "launch_template": [],
            "node_group_name": "eks-dr-drdb",
            "node_group_name_prefix": "",
            "node_role_arn": "arn:aws:iam::221443951339:role/eks-dr-dr-eks-node-role",
            "release_version": "1.20.4-20210628",
            "remote_access": [],
            "resources": [
              {
                "autoscaling_groups": [
                  {
                    "name": "eks-06bd6028-f407-05d3-6025-688e160ce444"
                  }
                ],
                "remote_access_security_group_id": ""
              }
            ],
            "scaling_config": [
              {
                "desired_size": 1,
                "max_size": 1,
                "min_size": 1
              }
            ],
            "status": "ACTIVE",
            "subnet_ids": [
              "subnet-03cf5c48fac4f5c06",
              "subnet-0d177ab43709711ff"
            ],
            "tags": {
              "Environment": "dr",
              "Module": "EKS",
              "Name": "Talkdesk-dr-eks-sg",
              "Project": "Talkdesk on AWS"
            },
            "tags_all": {
              "Environment": "dr",
              "Module": "EKS",
              "Name": "Talkdesk-dr-eks-sg",
              "Project": "Talkdesk on AWS"
            },
            "taint": [],
            "timeouts": null,
            "version": "1.20"
          },
          "sensitive_attributes": [],
          "private": "eyJlMmJmYjczMC1lY2FhLTExZTYtOGY4OC0zNDM2M2JjN2M0YzAiOnsiY3JlYXRlIjozNjAwMDAwMDAwMDAwLCJkZWxldGUiOjM2MDAwMDAwMDAwMDAsInVwZGF0ZSI6MzYwMDAwMDAwMDAwMH19",
          "dependencies": [
            "data.aws_availability_zones.available",
            "module.eks.aws_eks_cluster.eks",
            "module.eks.aws_iam_role.iam_eks",
            "module.eks.aws_iam_role.node",
            "module.eks.aws_iam_role_policy_attachment.cluster-AmazonEKSClusterPolicy",
            "module.eks.aws_iam_role_policy_attachment.cluster-AmazonEKSServicePolicy",
            "module.eks.aws_iam_role_policy_attachment.node-AmazonEKSWorkerNodePolicy",
            "module.eks.aws_iam_role_policy_attachment.node-AmazonEKS_CNI_Policy",
            "module.eks.aws_security_group.cluster",
            "module.networking.aws_eip.public_eip",
            "module.networking.aws_internet_gateway.public_igw",
            "module.networking.aws_nat_gateway.public_nat_gw",
            "module.networking.aws_route_table.private_route_table",
            "module.networking.aws_route_table.public_route_table",
            "module.networking.aws_route_table_association.private_route_table_association",
            "module.networking.aws_route_table_association.public_route_table_association",
            "module.networking.aws_subnet.private_subnets",
            "module.networking.aws_subnet.public_subnets",
            "module.networking.aws_vpc.vpc"
          ]
        }
      ]
    },
    {
      "module": "module.eks",
      "mode": "managed",
      "type": "aws_eks_node_group",
      "name": "eks-node-rest",
      "provider": "provider[\"registry.terraform.io/hashicorp/aws\"]",
      "instances": [
        {
          "schema_version": 0,
          "attributes": {
            "ami_type": "AL2_x86_64",
            "arn": "arn:aws:eks:us-west-1:221443951339:nodegroup/eks-dr/eks-dr-drrest/12bd6028-f3d7-8d29-c8da-763308542315",
            "capacity_type": "ON_DEMAND",
            "cluster_name": "eks-dr",
            "disk_size": 10,
            "force_update_version": null,
            "id": "eks-dr:eks-dr-drrest",
            "instance_types": [
              "t2.micro"
            ],
            "labels": null,
            "launch_template": [],
            "node_group_name": "eks-dr-drrest",
            "node_group_name_prefix": "",
            "node_role_arn": "arn:aws:iam::221443951339:role/eks-dr-dr-eks-node-role",
            "release_version": "1.20.4-20210628",
            "remote_access": [],
            "resources": [
              {
                "autoscaling_groups": [
                  {
                    "name": "eks-12bd6028-f3d7-8d29-c8da-763308542315"
                  }
                ],
                "remote_access_security_group_id": ""
              }
            ],
            "scaling_config": [
              {
                "desired_size": 1,
                "max_size": 1,
                "min_size": 1
              }
            ],
            "status": "ACTIVE",
            "subnet_ids": [
              "subnet-03cf5c48fac4f5c06",
              "subnet-0d177ab43709711ff"
            ],
            "tags": {
              "Environment": "dr",
              "Module": "EKS",
              "Name": "Talkdesk-dr-eks-sg",
              "Project": "Talkdesk on AWS"
            },
            "tags_all": {
              "Environment": "dr",
              "Module": "EKS",
              "Name": "Talkdesk-dr-eks-sg",
              "Project": "Talkdesk on AWS"
            },
            "taint": [],
            "timeouts": null,
            "version": "1.20"
          },
          "sensitive_attributes": [],
          "private": "eyJlMmJmYjczMC1lY2FhLTExZTYtOGY4OC0zNDM2M2JjN2M0YzAiOnsiY3JlYXRlIjozNjAwMDAwMDAwMDAwLCJkZWxldGUiOjM2MDAwMDAwMDAwMDAsInVwZGF0ZSI6MzYwMDAwMDAwMDAwMH19",
          "dependencies": [
            "data.aws_availability_zones.available",
            "module.eks.aws_eks_cluster.eks",
            "module.eks.aws_iam_role.iam_eks",
            "module.eks.aws_iam_role.node",
            "module.eks.aws_iam_role_policy_attachment.cluster-AmazonEKSClusterPolicy",
            "module.eks.aws_iam_role_policy_attachment.cluster-AmazonEKSServicePolicy",
            "module.eks.aws_iam_role_policy_attachment.node-AmazonEKSWorkerNodePolicy",
            "module.eks.aws_iam_role_policy_attachment.node-AmazonEKS_CNI_Policy",
            "module.eks.aws_security_group.cluster",
            "module.networking.aws_eip.public_eip",
            "module.networking.aws_internet_gateway.public_igw",
            "module.networking.aws_nat_gateway.public_nat_gw",
            "module.networking.aws_route_table.private_route_table",
            "module.networking.aws_route_table.public_route_table",
            "module.networking.aws_route_table_association.private_route_table_association",
            "module.networking.aws_route_table_association.public_route_table_association",
            "module.networking.aws_subnet.private_subnets",
            "module.networking.aws_subnet.public_subnets",
            "module.networking.aws_vpc.vpc"
          ]
        }
      ]
    },
    {
      "module": "module.eks",
      "mode": "managed",
      "type": "aws_iam_instance_profile",
      "name": "node",
      "provider": "provider[\"registry.terraform.io/hashicorp/aws\"]",
      "instances": [
        {
          "schema_version": 0,
          "attributes": {
            "arn": "arn:aws:iam::221443951339:instance-profile/eks-dr-eks-node-instance-profile",
            "create_date": "2021-07-19T19:41:03Z",
            "id": "eks-dr-eks-node-instance-profile",
            "name": "eks-dr-eks-node-instance-profile",
            "name_prefix": null,
            "path": "/",
            "role": "eks-dr-dr-eks-node-role",
            "tags": null,
            "tags_all": {},
            "unique_id": "AIPATHDYWRLV4DW5TJXC4"
          },
          "sensitive_attributes": [],
          "private": "bnVsbA==",
          "dependencies": [
            "data.aws_availability_zones.available",
            "module.eks.aws_iam_role.node",
            "module.networking.aws_eip.public_eip",
            "module.networking.aws_internet_gateway.public_igw",
            "module.networking.aws_nat_gateway.public_nat_gw",
            "module.networking.aws_route_table.private_route_table",
            "module.networking.aws_route_table.public_route_table",
            "module.networking.aws_route_table_association.private_route_table_association",
            "module.networking.aws_route_table_association.public_route_table_association",
            "module.networking.aws_subnet.private_subnets",
            "module.networking.aws_subnet.public_subnets",
            "module.networking.aws_vpc.vpc"
          ]
        }
      ]
    },
    {
      "module": "module.eks",
      "mode": "managed",
      "type": "aws_iam_role",
      "name": "iam_eks",
      "provider": "provider[\"registry.terraform.io/hashicorp/aws\"]",
      "instances": [
        {
          "schema_version": 0,
          "attributes": {
            "arn": "arn:aws:iam::221443951339:role/eks-dr-dr-eks-cluster-role",
            "assume_role_policy": "{\"Version\":\"2012-10-17\",\"Statement\":[{\"Effect\":\"Allow\",\"Principal\":{\"Service\":\"eks.amazonaws.com\"},\"Action\":\"sts:AssumeRole\"}]}",
            "create_date": "2021-07-19T19:41:01Z",
            "description": "",
            "force_detach_policies": false,
            "id": "eks-dr-dr-eks-cluster-role",
            "inline_policy": [
              {
                "name": "",
                "policy": ""
              }
            ],
            "managed_policy_arns": [],
            "max_session_duration": 3600,
            "name": "eks-dr-dr-eks-cluster-role",
            "name_prefix": null,
            "path": "/",
            "permissions_boundary": null,
            "tags": {
              "Environment": "dr",
              "Module": "EKS",
              "Name": "Talkdesk-dr-eks-iam-role",
              "Project": "Talkdesk on AWS"
            },
            "tags_all": {
              "Environment": "dr",
              "Module": "EKS",
              "Name": "Talkdesk-dr-eks-iam-role",
              "Project": "Talkdesk on AWS"
            },
            "unique_id": "AROATHDYWRLV5EQRTGJ4T"
          },
          "sensitive_attributes": [],
          "private": "bnVsbA==",
          "dependencies": [
            "data.aws_availability_zones.available",
            "module.networking.aws_eip.public_eip",
            "module.networking.aws_internet_gateway.public_igw",
            "module.networking.aws_nat_gateway.public_nat_gw",
            "module.networking.aws_route_table.private_route_table",
            "module.networking.aws_route_table.public_route_table",
            "module.networking.aws_route_table_association.private_route_table_association",
            "module.networking.aws_route_table_association.public_route_table_association",
            "module.networking.aws_subnet.private_subnets",
            "module.networking.aws_subnet.public_subnets",
            "module.networking.aws_vpc.vpc"
          ]
        }
      ]
    },
    {
      "module": "module.eks",
      "mode": "managed",
      "type": "aws_iam_role",
      "name": "node",
      "provider": "provider[\"registry.terraform.io/hashicorp/aws\"]",
      "instances": [
        {
          "schema_version": 0,
          "attributes": {
            "arn": "arn:aws:iam::221443951339:role/eks-dr-dr-eks-node-role",
            "assume_role_policy": "{\"Version\":\"2012-10-17\",\"Statement\":[{\"Effect\":\"Allow\",\"Principal\":{\"Service\":\"ec2.amazonaws.com\"},\"Action\":\"sts:AssumeRole\"}]}",
            "create_date": "2021-07-19T19:41:01Z",
            "description": "",
            "force_detach_policies": false,
            "id": "eks-dr-dr-eks-node-role",
            "inline_policy": [
              {
                "name": "",
                "policy": ""
              }
            ],
            "managed_policy_arns": [],
            "max_session_duration": 3600,
            "name": "eks-dr-dr-eks-node-role",
            "name_prefix": null,
            "path": "/",
            "permissions_boundary": null,
            "tags": null,
            "tags_all": {},
            "unique_id": "AROATHDYWRLV3SY3DBCNY"
          },
          "sensitive_attributes": [],
          "private": "bnVsbA==",
          "dependencies": [
            "data.aws_availability_zones.available",
            "module.networking.aws_eip.public_eip",
            "module.networking.aws_internet_gateway.public_igw",
            "module.networking.aws_nat_gateway.public_nat_gw",
            "module.networking.aws_route_table.private_route_table",
            "module.networking.aws_route_table.public_route_table",
            "module.networking.aws_route_table_association.private_route_table_association",
            "module.networking.aws_route_table_association.public_route_table_association",
            "module.networking.aws_subnet.private_subnets",
            "module.networking.aws_subnet.public_subnets",
            "module.networking.aws_vpc.vpc"
          ]
        }
      ]
    },
    {
      "module": "module.eks",
      "mode": "managed",
      "type": "aws_iam_role_policy_attachment",
      "name": "cluster-AmazonEKSClusterPolicy",
      "provider": "provider[\"registry.terraform.io/hashicorp/aws\"]",
      "instances": [
        {
          "schema_version": 0,
          "attributes": {
            "id": "eks-dr-dr-eks-cluster-role-20210719194103988500000005",
            "policy_arn": "arn:aws:iam::aws:policy/AmazonEKSClusterPolicy",
            "role": "eks-dr-dr-eks-cluster-role"
          },
          "sensitive_attributes": [],
          "private": "bnVsbA==",
          "dependencies": [
            "data.aws_availability_zones.available",
            "module.eks.aws_iam_role.iam_eks",
            "module.networking.aws_eip.public_eip",
            "module.networking.aws_internet_gateway.public_igw",
            "module.networking.aws_nat_gateway.public_nat_gw",
            "module.networking.aws_route_table.private_route_table",
            "module.networking.aws_route_table.public_route_table",
            "module.networking.aws_route_table_association.private_route_table_association",
            "module.networking.aws_route_table_association.public_route_table_association",
            "module.networking.aws_subnet.private_subnets",
            "module.networking.aws_subnet.public_subnets",
            "module.networking.aws_vpc.vpc"
          ]
        }
      ]
    },
    {
      "module": "module.eks",
      "mode": "managed",
      "type": "aws_iam_role_policy_attachment",
      "name": "cluster-AmazonEKSServicePolicy",
      "provider": "provider[\"registry.terraform.io/hashicorp/aws\"]",
      "instances": [
        {
          "schema_version": 0,
          "attributes": {
            "id": "eks-dr-dr-eks-cluster-role-20210719194103959300000003",
            "policy_arn": "arn:aws:iam::aws:policy/AmazonEKSServicePolicy",
            "role": "eks-dr-dr-eks-cluster-role"
          },
          "sensitive_attributes": [],
          "private": "bnVsbA==",
          "dependencies": [
            "data.aws_availability_zones.available",
            "module.eks.aws_iam_role.iam_eks",
            "module.networking.aws_eip.public_eip",
            "module.networking.aws_internet_gateway.public_igw",
            "module.networking.aws_nat_gateway.public_nat_gw",
            "module.networking.aws_route_table.private_route_table",
            "module.networking.aws_route_table.public_route_table",
            "module.networking.aws_route_table_association.private_route_table_association",
            "module.networking.aws_route_table_association.public_route_table_association",
            "module.networking.aws_subnet.private_subnets",
            "module.networking.aws_subnet.public_subnets",
            "module.networking.aws_vpc.vpc"
          ]
        }
      ]
    },
    {
      "module": "module.eks",
      "mode": "managed",
      "type": "aws_iam_role_policy_attachment",
      "name": "node-AmazonEC2ContainerRegistryReadOnly",
      "provider": "provider[\"registry.terraform.io/hashicorp/aws\"]",
      "instances": [
        {
          "schema_version": 0,
          "attributes": {
            "id": "eks-dr-dr-eks-node-role-20210719194103956300000002",
            "policy_arn": "arn:aws:iam::aws:policy/AmazonEC2ContainerRegistryReadOnly",
            "role": "eks-dr-dr-eks-node-role"
          },
          "sensitive_attributes": [],
          "private": "bnVsbA==",
          "dependencies": [
            "data.aws_availability_zones.available",
            "module.eks.aws_iam_role.node",
            "module.networking.aws_eip.public_eip",
            "module.networking.aws_internet_gateway.public_igw",
            "module.networking.aws_nat_gateway.public_nat_gw",
            "module.networking.aws_route_table.private_route_table",
            "module.networking.aws_route_table.public_route_table",
            "module.networking.aws_route_table_association.private_route_table_association",
            "module.networking.aws_route_table_association.public_route_table_association",
            "module.networking.aws_subnet.private_subnets",
            "module.networking.aws_subnet.public_subnets",
            "module.networking.aws_vpc.vpc"
          ]
        }
      ]
    },
    {
      "module": "module.eks",
      "mode": "managed",
      "type": "aws_iam_role_policy_attachment",
      "name": "node-AmazonEKSWorkerNodePolicy",
      "provider": "provider[\"registry.terraform.io/hashicorp/aws\"]",
      "instances": [
        {
          "schema_version": 0,
          "attributes": {
            "id": "eks-dr-dr-eks-node-role-20210719194103962000000004",
            "policy_arn": "arn:aws:iam::aws:policy/AmazonEKSWorkerNodePolicy",
            "role": "eks-dr-dr-eks-node-role"
          },
          "sensitive_attributes": [],
          "private": "bnVsbA==",
          "dependencies": [
            "data.aws_availability_zones.available",
            "module.eks.aws_iam_role.node",
            "module.networking.aws_eip.public_eip",
            "module.networking.aws_internet_gateway.public_igw",
            "module.networking.aws_nat_gateway.public_nat_gw",
            "module.networking.aws_route_table.private_route_table",
            "module.networking.aws_route_table.public_route_table",
            "module.networking.aws_route_table_association.private_route_table_association",
            "module.networking.aws_route_table_association.public_route_table_association",
            "module.networking.aws_subnet.private_subnets",
            "module.networking.aws_subnet.public_subnets",
            "module.networking.aws_vpc.vpc"
          ]
        }
      ]
    },
    {
      "module": "module.eks",
      "mode": "managed",
      "type": "aws_iam_role_policy_attachment",
      "name": "node-AmazonEKS_CNI_Policy",
      "provider": "provider[\"registry.terraform.io/hashicorp/aws\"]",
      "instances": [
        {
          "schema_version": 0,
          "attributes": {
            "id": "eks-dr-dr-eks-node-role-20210719194103947900000001",
            "policy_arn": "arn:aws:iam::aws:policy/AmazonEKS_CNI_Policy",
            "role": "eks-dr-dr-eks-node-role"
          },
          "sensitive_attributes": [],
          "private": "bnVsbA==",
          "dependencies": [
            "data.aws_availability_zones.available",
            "module.eks.aws_iam_role.node",
            "module.networking.aws_eip.public_eip",
            "module.networking.aws_internet_gateway.public_igw",
            "module.networking.aws_nat_gateway.public_nat_gw",
            "module.networking.aws_route_table.private_route_table",
            "module.networking.aws_route_table.public_route_table",
            "module.networking.aws_route_table_association.private_route_table_association",
            "module.networking.aws_route_table_association.public_route_table_association",
            "module.networking.aws_subnet.private_subnets",
            "module.networking.aws_subnet.public_subnets",
            "module.networking.aws_vpc.vpc"
          ]
        }
      ]
    },
    {
      "module": "module.eks",
      "mode": "managed",
      "type": "aws_security_group",
      "name": "cluster",
      "provider": "provider[\"registry.terraform.io/hashicorp/aws\"]",
      "instances": [
        {
          "schema_version": 1,
          "attributes": {
            "arn": "arn:aws:ec2:us-west-1:221443951339:security-group/sg-0ae01ab23debfde3c",
            "description": "Cluster communication with worker nodes",
            "egress": [
              {
                "cidr_blocks": [
                  "0.0.0.0/0"
                ],
                "description": "",
                "from_port": 0,
                "ipv6_cidr_blocks": [],
                "prefix_list_ids": [],
                "protocol": "-1",
                "security_groups": [],
                "self": false,
                "to_port": 0
              }
            ],
            "id": "sg-0ae01ab23debfde3c",
            "ingress": [],
            "name": "talkesk-terraform-dr-eks-sg",
            "name_prefix": "",
            "owner_id": "221443951339",
            "revoke_rules_on_delete": false,
            "tags": {
              "Environment": "dr",
              "Module": "EKS",
              "Name": "Talkdesk-dr-eks-sg",
              "Project": "Talkdesk on AWS"
            },
            "tags_all": {
              "Environment": "dr",
              "Module": "EKS",
              "Name": "Talkdesk-dr-eks-sg",
              "Project": "Talkdesk on AWS"
            },
            "timeouts": null,
            "vpc_id": "vpc-0dbc53438a5c00c9b"
          },
          "sensitive_attributes": [],
          "private": "eyJlMmJmYjczMC1lY2FhLTExZTYtOGY4OC0zNDM2M2JjN2M0YzAiOnsiY3JlYXRlIjo2MDAwMDAwMDAwMDAsImRlbGV0ZSI6OTAwMDAwMDAwMDAwfSwic2NoZW1hX3ZlcnNpb24iOiIxIn0=",
          "dependencies": [
            "data.aws_availability_zones.available",
            "module.networking.aws_eip.public_eip",
            "module.networking.aws_internet_gateway.public_igw",
            "module.networking.aws_nat_gateway.public_nat_gw",
            "module.networking.aws_route_table.private_route_table",
            "module.networking.aws_route_table.public_route_table",
            "module.networking.aws_route_table_association.private_route_table_association",
            "module.networking.aws_route_table_association.public_route_table_association",
            "module.networking.aws_subnet.private_subnets",
            "module.networking.aws_subnet.public_subnets",
            "module.networking.aws_vpc.vpc"
          ]
        }
      ]
    },
    {
      "module": "module.networking",
      "mode": "managed",
      "type": "aws_eip",
      "name": "public_eip",
      "provider": "provider[\"registry.terraform.io/hashicorp/aws\"]",
      "instances": [
        {
          "index_key": 0,
          "schema_version": 0,
          "attributes": {
            "address": null,
            "allocation_id": null,
            "associate_with_private_ip": null,
            "association_id": "",
            "carrier_ip": "",
            "customer_owned_ip": "",
            "customer_owned_ipv4_pool": "",
            "domain": "vpc",
            "id": "eipalloc-1391201f",
            "instance": "",
            "network_border_group": "us-west-1",
            "network_interface": "",
            "private_dns": null,
            "private_ip": "",
            "public_dns": "ec2-54-219-35-250.us-west-1.compute.amazonaws.com",
            "public_ip": "54.219.35.250",
            "public_ipv4_pool": "amazon",
            "tags": {
              "Environment": "dr",
              "Module": "VPC",
              "Name": "Talkdesk-dr-public-eip-gw",
              "Project": "Talkdesk on AWS",
              "kubernetes.io/cluster/eks-dr": "shared"
            },
            "tags_all": {
              "Environment": "dr",
              "Module": "VPC",
              "Name": "Talkdesk-dr-public-eip-gw",
              "Project": "Talkdesk on AWS",
              "kubernetes.io/cluster/eks-dr": "shared"
            },
            "timeouts": null,
            "vpc": true
          },
          "sensitive_attributes": [],
          "private": "eyJlMmJmYjczMC1lY2FhLTExZTYtOGY4OC0zNDM2M2JjN2M0YzAiOnsiZGVsZXRlIjoxODAwMDAwMDAwMDAsInJlYWQiOjkwMDAwMDAwMDAwMCwidXBkYXRlIjozMDAwMDAwMDAwMDB9fQ==",
          "dependencies": [
            "module.networking.aws_internet_gateway.public_igw",
            "module.networking.aws_vpc.vpc"
          ]
        },
        {
          "index_key": 1,
          "schema_version": 0,
          "attributes": {
            "address": null,
            "allocation_id": null,
            "associate_with_private_ip": null,
            "association_id": "",
            "carrier_ip": "",
            "customer_owned_ip": "",
            "customer_owned_ipv4_pool": "",
            "domain": "vpc",
            "id": "eipalloc-c0ad1ccc",
            "instance": "",
            "network_border_group": "us-west-1",
            "network_interface": "",
            "private_dns": null,
            "private_ip": "",
            "public_dns": "ec2-52-9-42-233.us-west-1.compute.amazonaws.com",
            "public_ip": "52.9.42.233",
            "public_ipv4_pool": "amazon",
            "tags": {
              "Environment": "dr",
              "Module": "VPC",
              "Name": "Talkdesk-dr-public-eip-gw",
              "Project": "Talkdesk on AWS",
              "kubernetes.io/cluster/eks-dr": "shared"
            },
            "tags_all": {
              "Environment": "dr",
              "Module": "VPC",
              "Name": "Talkdesk-dr-public-eip-gw",
              "Project": "Talkdesk on AWS",
              "kubernetes.io/cluster/eks-dr": "shared"
            },
            "timeouts": null,
            "vpc": true
          },
          "sensitive_attributes": [],
          "private": "eyJlMmJmYjczMC1lY2FhLTExZTYtOGY4OC0zNDM2M2JjN2M0YzAiOnsiZGVsZXRlIjoxODAwMDAwMDAwMDAsInJlYWQiOjkwMDAwMDAwMDAwMCwidXBkYXRlIjozMDAwMDAwMDAwMDB9fQ==",
          "dependencies": [
            "module.networking.aws_internet_gateway.public_igw",
            "module.networking.aws_vpc.vpc"
          ]
        }
      ]
    },
    {
      "module": "module.networking",
      "mode": "managed",
      "type": "aws_internet_gateway",
      "name": "public_igw",
      "provider": "provider[\"registry.terraform.io/hashicorp/aws\"]",
      "instances": [
        {
          "schema_version": 0,
          "attributes": {
            "arn": "arn:aws:ec2:us-west-1:221443951339:internet-gateway/igw-0cf3972c6a32b6453",
            "id": "igw-0cf3972c6a32b6453",
            "owner_id": "221443951339",
            "tags": {
              "Environment": "dr",
              "Module": "VPC",
              "Name": "Talkdesk-dr-public-internet-gw",
              "Project": "Talkdesk on AWS",
              "kubernetes.io/cluster/eks-dr": "shared"
            },
            "tags_all": {
              "Environment": "dr",
              "Module": "VPC",
              "Name": "Talkdesk-dr-public-internet-gw",
              "Project": "Talkdesk on AWS",
              "kubernetes.io/cluster/eks-dr": "shared"
            },
            "vpc_id": "vpc-0dbc53438a5c00c9b"
          },
          "sensitive_attributes": [],
          "private": "bnVsbA==",
          "dependencies": [
            "module.networking.aws_vpc.vpc"
          ]
        }
      ]
    },
    {
      "module": "module.networking",
      "mode": "managed",
      "type": "aws_nat_gateway",
      "name": "public_nat_gw",
      "provider": "provider[\"registry.terraform.io/hashicorp/aws\"]",
      "instances": [
        {
          "index_key": 0,
          "schema_version": 0,
          "attributes": {
            "allocation_id": "eipalloc-1391201f",
            "connectivity_type": "public",
            "id": "nat-0ee7174efd919cfa9",
            "network_interface_id": "eni-0ee3048d83bbbbabd",
            "private_ip": "10.0.4.77",
            "public_ip": "54.219.35.250",
            "subnet_id": "subnet-01bdffb40b0d05849",
            "tags": {
              "Environment": "dr",
              "Module": "VPC",
              "Name": "Talkdesk-dr-public-nat-gw",
              "Project": "Talkdesk on AWS",
              "kubernetes.io/cluster/eks-dr": "shared"
            },
            "tags_all": {
              "Environment": "dr",
              "Module": "VPC",
              "Name": "Talkdesk-dr-public-nat-gw",
              "Project": "Talkdesk on AWS",
              "kubernetes.io/cluster/eks-dr": "shared"
            }
          },
          "sensitive_attributes": [],
          "private": "bnVsbA==",
          "dependencies": [
            "data.aws_availability_zones.available",
            "module.networking.aws_eip.public_eip",
            "module.networking.aws_internet_gateway.public_igw",
            "module.networking.aws_subnet.public_subnets",
            "module.networking.aws_vpc.vpc"
          ]
        },
        {
          "index_key": 1,
          "schema_version": 0,
          "attributes": {
            "allocation_id": "eipalloc-c0ad1ccc",
            "connectivity_type": "public",
            "id": "nat-06ccfb4877e24b8b6",
            "network_interface_id": "eni-02bb593a0808775f7",
            "private_ip": "10.0.5.187",
            "public_ip": "52.9.42.233",
            "subnet_id": "subnet-00ad5d7d42fe6ec31",
            "tags": {
              "Environment": "dr",
              "Module": "VPC",
              "Name": "Talkdesk-dr-public-nat-gw",
              "Project": "Talkdesk on AWS",
              "kubernetes.io/cluster/eks-dr": "shared"
            },
            "tags_all": {
              "Environment": "dr",
              "Module": "VPC",
              "Name": "Talkdesk-dr-public-nat-gw",
              "Project": "Talkdesk on AWS",
              "kubernetes.io/cluster/eks-dr": "shared"
            }
          },
          "sensitive_attributes": [],
          "private": "bnVsbA==",
          "dependencies": [
            "data.aws_availability_zones.available",
            "module.networking.aws_eip.public_eip",
            "module.networking.aws_internet_gateway.public_igw",
            "module.networking.aws_subnet.public_subnets",
            "module.networking.aws_vpc.vpc"
          ]
        }
      ]
    },
    {
      "module": "module.networking",
      "mode": "managed",
      "type": "aws_route_table",
      "name": "private_route_table",
      "provider": "provider[\"registry.terraform.io/hashicorp/aws\"]",
      "instances": [
        {
          "index_key": 0,
          "schema_version": 0,
          "attributes": {
            "arn": "arn:aws:ec2:us-west-1:221443951339:route-table/rtb-0e7b6348a91fe59d1",
            "id": "rtb-0e7b6348a91fe59d1",
            "owner_id": "221443951339",
            "propagating_vgws": [],
            "route": [
              {
                "carrier_gateway_id": "",
                "cidr_block": "0.0.0.0/0",
                "destination_prefix_list_id": "",
                "egress_only_gateway_id": "",
                "gateway_id": "",
                "instance_id": "",
                "ipv6_cidr_block": "",
                "local_gateway_id": "",
                "nat_gateway_id": "nat-0ee7174efd919cfa9",
                "network_interface_id": "",
                "transit_gateway_id": "",
                "vpc_endpoint_id": "",
                "vpc_peering_connection_id": ""
              }
            ],
            "tags": {
              "Environment": "dr",
              "Module": "VPC",
              "Name": "Talkdesk-dr-private-route-table",
              "Project": "Talkdesk on AWS",
              "kubernetes.io/cluster/eks-dr": "shared"
            },
            "tags_all": {
              "Environment": "dr",
              "Module": "VPC",
              "Name": "Talkdesk-dr-private-route-table",
              "Project": "Talkdesk on AWS",
              "kubernetes.io/cluster/eks-dr": "shared"
            },
            "vpc_id": "vpc-0dbc53438a5c00c9b"
          },
          "sensitive_attributes": [],
          "private": "bnVsbA==",
          "dependencies": [
            "data.aws_availability_zones.available",
            "module.networking.aws_eip.public_eip",
            "module.networking.aws_internet_gateway.public_igw",
            "module.networking.aws_nat_gateway.public_nat_gw",
            "module.networking.aws_subnet.public_subnets",
            "module.networking.aws_vpc.vpc"
          ]
        },
        {
          "index_key": 1,
          "schema_version": 0,
          "attributes": {
            "arn": "arn:aws:ec2:us-west-1:221443951339:route-table/rtb-00ff6c2247ab9853b",
            "id": "rtb-00ff6c2247ab9853b",
            "owner_id": "221443951339",
            "propagating_vgws": [],
            "route": [
              {
                "carrier_gateway_id": "",
                "cidr_block": "0.0.0.0/0",
                "destination_prefix_list_id": "",
                "egress_only_gateway_id": "",
                "gateway_id": "",
                "instance_id": "",
                "ipv6_cidr_block": "",
                "local_gateway_id": "",
                "nat_gateway_id": "nat-06ccfb4877e24b8b6",
                "network_interface_id": "",
                "transit_gateway_id": "",
                "vpc_endpoint_id": "",
                "vpc_peering_connection_id": ""
              }
            ],
            "tags": {
              "Environment": "dr",
              "Module": "VPC",
              "Name": "Talkdesk-dr-private-route-table",
              "Project": "Talkdesk on AWS",
              "kubernetes.io/cluster/eks-dr": "shared"
            },
            "tags_all": {
              "Environment": "dr",
              "Module": "VPC",
              "Name": "Talkdesk-dr-private-route-table",
              "Project": "Talkdesk on AWS",
              "kubernetes.io/cluster/eks-dr": "shared"
            },
            "vpc_id": "vpc-0dbc53438a5c00c9b"
          },
          "sensitive_attributes": [],
          "private": "bnVsbA==",
          "dependencies": [
            "data.aws_availability_zones.available",
            "module.networking.aws_eip.public_eip",
            "module.networking.aws_internet_gateway.public_igw",
            "module.networking.aws_nat_gateway.public_nat_gw",
            "module.networking.aws_subnet.public_subnets",
            "module.networking.aws_vpc.vpc"
          ]
        }
      ]
    },
    {
      "module": "module.networking",
      "mode": "managed",
      "type": "aws_route_table",
      "name": "public_route_table",
      "provider": "provider[\"registry.terraform.io/hashicorp/aws\"]",
      "instances": [
        {
          "schema_version": 0,
          "attributes": {
            "arn": "arn:aws:ec2:us-west-1:221443951339:route-table/rtb-03b88446932e96967",
            "id": "rtb-03b88446932e96967",
            "owner_id": "221443951339",
            "propagating_vgws": [],
            "route": [
              {
                "carrier_gateway_id": "",
                "cidr_block": "0.0.0.0/0",
                "destination_prefix_list_id": "",
                "egress_only_gateway_id": "",
                "gateway_id": "igw-0cf3972c6a32b6453",
                "instance_id": "",
                "ipv6_cidr_block": "",
                "local_gateway_id": "",
                "nat_gateway_id": "",
                "network_interface_id": "",
                "transit_gateway_id": "",
                "vpc_endpoint_id": "",
                "vpc_peering_connection_id": ""
              }
            ],
            "tags": {
              "Environment": "dr",
              "Module": "VPC",
              "Name": "Talkdesk-dr-public-route-table",
              "Project": "Talkdesk on AWS",
              "kubernetes.io/cluster/eks-dr": "shared"
            },
            "tags_all": {
              "Environment": "dr",
              "Module": "VPC",
              "Name": "Talkdesk-dr-public-route-table",
              "Project": "Talkdesk on AWS",
              "kubernetes.io/cluster/eks-dr": "shared"
            },
            "vpc_id": "vpc-0dbc53438a5c00c9b"
          },
          "sensitive_attributes": [],
          "private": "bnVsbA==",
          "dependencies": [
            "module.networking.aws_internet_gateway.public_igw",
            "module.networking.aws_vpc.vpc"
          ]
        }
      ]
    },
    {
      "module": "module.networking",
      "mode": "managed",
      "type": "aws_route_table_association",
      "name": "private_route_table_association",
      "provider": "provider[\"registry.terraform.io/hashicorp/aws\"]",
      "instances": [
        {
          "index_key": 0,
          "schema_version": 0,
          "attributes": {
            "gateway_id": "",
            "id": "rtbassoc-034bb2f6f6038e77e",
            "route_table_id": "rtb-0e7b6348a91fe59d1",
            "subnet_id": "subnet-0d177ab43709711ff"
          },
          "sensitive_attributes": [],
          "private": "bnVsbA==",
          "dependencies": [
            "data.aws_availability_zones.available",
            "module.networking.aws_eip.public_eip",
            "module.networking.aws_internet_gateway.public_igw",
            "module.networking.aws_nat_gateway.public_nat_gw",
            "module.networking.aws_route_table.private_route_table",
            "module.networking.aws_subnet.private_subnets",
            "module.networking.aws_subnet.public_subnets",
            "module.networking.aws_vpc.vpc"
          ]
        },
        {
          "index_key": 1,
          "schema_version": 0,
          "attributes": {
            "gateway_id": "",
            "id": "rtbassoc-0392338e904826230",
            "route_table_id": "rtb-00ff6c2247ab9853b",
            "subnet_id": "subnet-03cf5c48fac4f5c06"
          },
          "sensitive_attributes": [],
          "private": "bnVsbA==",
          "dependencies": [
            "data.aws_availability_zones.available",
            "module.networking.aws_eip.public_eip",
            "module.networking.aws_internet_gateway.public_igw",
            "module.networking.aws_nat_gateway.public_nat_gw",
            "module.networking.aws_route_table.private_route_table",
            "module.networking.aws_subnet.private_subnets",
            "module.networking.aws_subnet.public_subnets",
            "module.networking.aws_vpc.vpc"
          ]
        }
      ]
    },
    {
      "module": "module.networking",
      "mode": "managed",
      "type": "aws_route_table_association",
      "name": "public_route_table_association",
      "provider": "provider[\"registry.terraform.io/hashicorp/aws\"]",
      "instances": [
        {
          "index_key": 0,
          "schema_version": 0,
          "attributes": {
            "gateway_id": "",
            "id": "rtbassoc-0e49764b69918a6e7",
            "route_table_id": "rtb-03b88446932e96967",
            "subnet_id": "subnet-01bdffb40b0d05849"
          },
          "sensitive_attributes": [],
          "private": "bnVsbA==",
          "dependencies": [
            "data.aws_availability_zones.available",
            "module.networking.aws_internet_gateway.public_igw",
            "module.networking.aws_route_table.public_route_table",
            "module.networking.aws_subnet.public_subnets",
            "module.networking.aws_vpc.vpc"
          ]
        },
        {
          "index_key": 1,
          "schema_version": 0,
          "attributes": {
            "gateway_id": "",
            "id": "rtbassoc-0d9cd1e889fb788de",
            "route_table_id": "rtb-03b88446932e96967",
            "subnet_id": "subnet-00ad5d7d42fe6ec31"
          },
          "sensitive_attributes": [],
          "private": "bnVsbA==",
          "dependencies": [
            "data.aws_availability_zones.available",
            "module.networking.aws_internet_gateway.public_igw",
            "module.networking.aws_route_table.public_route_table",
            "module.networking.aws_subnet.public_subnets",
            "module.networking.aws_vpc.vpc"
          ]
        }
      ]
    },
    {
      "module": "module.networking",
      "mode": "managed",
      "type": "aws_subnet",
      "name": "private_subnets",
      "provider": "provider[\"registry.terraform.io/hashicorp/aws\"]",
      "instances": [
        {
          "index_key": 0,
          "schema_version": 1,
          "attributes": {
            "arn": "arn:aws:ec2:us-west-1:221443951339:subnet/subnet-0d177ab43709711ff",
            "assign_ipv6_address_on_creation": false,
            "availability_zone": "us-west-1a",
            "availability_zone_id": "usw1-az1",
            "cidr_block": "10.0.128.0/19",
            "customer_owned_ipv4_pool": "",
            "id": "subnet-0d177ab43709711ff",
            "ipv6_cidr_block": "",
            "ipv6_cidr_block_association_id": "",
            "map_customer_owned_ip_on_launch": false,
            "map_public_ip_on_launch": false,
            "outpost_arn": "",
            "owner_id": "221443951339",
            "tags": {
              "Environment": "dr",
              "Module": "VPC",
              "Name": "Talkdesk-dr-private-subnet",
              "Project": "Talkdesk on AWS",
              "kubernetes.io/cluster/eks-dr": "shared"
            },
            "tags_all": {
              "Environment": "dr",
              "Module": "VPC",
              "Name": "Talkdesk-dr-private-subnet",
              "Project": "Talkdesk on AWS",
              "kubernetes.io/cluster/eks-dr": "shared"
            },
            "timeouts": null,
            "vpc_id": "vpc-0dbc53438a5c00c9b"
          },
          "sensitive_attributes": [],
          "private": "eyJlMmJmYjczMC1lY2FhLTExZTYtOGY4OC0zNDM2M2JjN2M0YzAiOnsiY3JlYXRlIjo2MDAwMDAwMDAwMDAsImRlbGV0ZSI6MTIwMDAwMDAwMDAwMH0sInNjaGVtYV92ZXJzaW9uIjoiMSJ9",
          "dependencies": [
            "data.aws_availability_zones.available",
            "module.networking.aws_vpc.vpc"
          ]
        },
        {
          "index_key": 1,
          "schema_version": 1,
          "attributes": {
            "arn": "arn:aws:ec2:us-west-1:221443951339:subnet/subnet-03cf5c48fac4f5c06",
            "assign_ipv6_address_on_creation": false,
            "availability_zone": "us-west-1c",
            "availability_zone_id": "usw1-az3",
            "cidr_block": "10.0.160.0/19",
            "customer_owned_ipv4_pool": "",
            "id": "subnet-03cf5c48fac4f5c06",
            "ipv6_cidr_block": "",
            "ipv6_cidr_block_association_id": "",
            "map_customer_owned_ip_on_launch": false,
            "map_public_ip_on_launch": false,
            "outpost_arn": "",
            "owner_id": "221443951339",
            "tags": {
              "Environment": "dr",
              "Module": "VPC",
              "Name": "Talkdesk-dr-private-subnet",
              "Project": "Talkdesk on AWS",
              "kubernetes.io/cluster/eks-dr": "shared"
            },
            "tags_all": {
              "Environment": "dr",
              "Module": "VPC",
              "Name": "Talkdesk-dr-private-subnet",
              "Project": "Talkdesk on AWS",
              "kubernetes.io/cluster/eks-dr": "shared"
            },
            "timeouts": null,
            "vpc_id": "vpc-0dbc53438a5c00c9b"
          },
          "sensitive_attributes": [],
          "private": "eyJlMmJmYjczMC1lY2FhLTExZTYtOGY4OC0zNDM2M2JjN2M0YzAiOnsiY3JlYXRlIjo2MDAwMDAwMDAwMDAsImRlbGV0ZSI6MTIwMDAwMDAwMDAwMH0sInNjaGVtYV92ZXJzaW9uIjoiMSJ9",
          "dependencies": [
            "data.aws_availability_zones.available",
            "module.networking.aws_vpc.vpc"
          ]
        }
      ]
    },
    {
      "module": "module.networking",
      "mode": "managed",
      "type": "aws_subnet",
      "name": "public_subnets",
      "provider": "provider[\"registry.terraform.io/hashicorp/aws\"]",
      "instances": [
        {
          "index_key": 0,
          "schema_version": 1,
          "attributes": {
            "arn": "arn:aws:ec2:us-west-1:221443951339:subnet/subnet-01bdffb40b0d05849",
            "assign_ipv6_address_on_creation": false,
            "availability_zone": "us-west-1a",
            "availability_zone_id": "usw1-az1",
            "cidr_block": "10.0.4.0/24",
            "customer_owned_ipv4_pool": "",
            "id": "subnet-01bdffb40b0d05849",
            "ipv6_cidr_block": "",
            "ipv6_cidr_block_association_id": "",
            "map_customer_owned_ip_on_launch": false,
            "map_public_ip_on_launch": true,
            "outpost_arn": "",
            "owner_id": "221443951339",
            "tags": {
              "Environment": "dr",
              "Module": "VPC",
              "Name": "Talkdesk-dr-public-subnet",
              "Project": "Talkdesk on AWS",
              "kubernetes.io/cluster/eks-dr": "shared"
            },
            "tags_all": {
              "Environment": "dr",
              "Module": "VPC",
              "Name": "Talkdesk-dr-public-subnet",
              "Project": "Talkdesk on AWS",
              "kubernetes.io/cluster/eks-dr": "shared"
            },
            "timeouts": null,
            "vpc_id": "vpc-0dbc53438a5c00c9b"
          },
          "sensitive_attributes": [],
          "private": "eyJlMmJmYjczMC1lY2FhLTExZTYtOGY4OC0zNDM2M2JjN2M0YzAiOnsiY3JlYXRlIjo2MDAwMDAwMDAwMDAsImRlbGV0ZSI6MTIwMDAwMDAwMDAwMH0sInNjaGVtYV92ZXJzaW9uIjoiMSJ9",
          "dependencies": [
            "data.aws_availability_zones.available",
            "module.networking.aws_vpc.vpc"
          ]
        },
        {
          "index_key": 1,
          "schema_version": 1,
          "attributes": {
            "arn": "arn:aws:ec2:us-west-1:221443951339:subnet/subnet-00ad5d7d42fe6ec31",
            "assign_ipv6_address_on_creation": false,
            "availability_zone": "us-west-1c",
            "availability_zone_id": "usw1-az3",
            "cidr_block": "10.0.5.0/24",
            "customer_owned_ipv4_pool": "",
            "id": "subnet-00ad5d7d42fe6ec31",
            "ipv6_cidr_block": "",
            "ipv6_cidr_block_association_id": "",
            "map_customer_owned_ip_on_launch": false,
            "map_public_ip_on_launch": true,
            "outpost_arn": "",
            "owner_id": "221443951339",
            "tags": {
              "Environment": "dr",
              "Module": "VPC",
              "Name": "Talkdesk-dr-public-subnet",
              "Project": "Talkdesk on AWS",
              "kubernetes.io/cluster/eks-dr": "shared"
            },
            "tags_all": {
              "Environment": "dr",
              "Module": "VPC",
              "Name": "Talkdesk-dr-public-subnet",
              "Project": "Talkdesk on AWS",
              "kubernetes.io/cluster/eks-dr": "shared"
            },
            "timeouts": null,
            "vpc_id": "vpc-0dbc53438a5c00c9b"
          },
          "sensitive_attributes": [],
          "private": "eyJlMmJmYjczMC1lY2FhLTExZTYtOGY4OC0zNDM2M2JjN2M0YzAiOnsiY3JlYXRlIjo2MDAwMDAwMDAwMDAsImRlbGV0ZSI6MTIwMDAwMDAwMDAwMH0sInNjaGVtYV92ZXJzaW9uIjoiMSJ9",
          "dependencies": [
            "data.aws_availability_zones.available",
            "module.networking.aws_vpc.vpc"
          ]
        }
      ]
    },
    {
      "module": "module.networking",
      "mode": "managed",
      "type": "aws_vpc",
      "name": "vpc",
      "provider": "provider[\"registry.terraform.io/hashicorp/aws\"]",
      "instances": [
        {
          "schema_version": 1,
          "attributes": {
            "arn": "arn:aws:ec2:us-west-1:221443951339:vpc/vpc-0dbc53438a5c00c9b",
            "assign_generated_ipv6_cidr_block": false,
            "cidr_block": "10.0.0.0/16",
            "default_network_acl_id": "acl-0df85b5c938a1ba7d",
            "default_route_table_id": "rtb-045dd6c59d976b5ff",
            "default_security_group_id": "sg-0a710df7e483efed8",
            "dhcp_options_id": "dopt-acd812ca",
            "enable_classiclink": false,
            "enable_classiclink_dns_support": false,
            "enable_dns_hostnames": true,
            "enable_dns_support": true,
            "id": "vpc-0dbc53438a5c00c9b",
            "instance_tenancy": "default",
            "ipv6_association_id": "",
            "ipv6_cidr_block": "",
            "main_route_table_id": "rtb-045dd6c59d976b5ff",
            "owner_id": "221443951339",
            "tags": {
              "Environment": "dr",
              "Module": "VPC",
              "Name": "Talkdesk-dr-vpc",
              "Project": "Talkdesk on AWS",
              "kubernetes.io/cluster/eks-dr": "shared"
            },
            "tags_all": {
              "Environment": "dr",
              "Module": "VPC",
              "Name": "Talkdesk-dr-vpc",
              "Project": "Talkdesk on AWS",
              "kubernetes.io/cluster/eks-dr": "shared"
            }
          },
          "sensitive_attributes": [],
          "private": "eyJzY2hlbWFfdmVyc2lvbiI6IjEifQ=="
        }
      ]
    }
  ]
}
